// !$*UTF8*$!
{
	archiveVersion = 1;
	classes = {
	};
	objectVersion = 56;
	objects = {

/* Begin PBXBuildFile section */
		3AC45A1E2F80D1690007E674 /* UIApplication+Extensions.swift in Sources */ = {isa = PBXBuildFile; fileRef = 3AC45A1D2F80D15F0007E674 /* UIApplication+Extensions.swift */; };
		3AFBBB5F2F8AF8FF00B3F4AD /* SplashView.swift in Sources */ = {isa = PBXBuildFile; fileRef = 3AFBBB5E2F8AF8EB00B3F4AD /* SplashView.swift */; };
		3D757F9307C89E0FFCABECAF /* XCUIApplication+Maximus.swift in Sources */ = {isa = PBXBuildFile; fileRef = A7ADF752D1496D661FBB456F /* XCUIApplication+Maximus.swift */; };
		61A93AD250B4DBA0D23A64B8 /* ScreenshotTests.swift in Sources */ = {isa = PBXBuildFile; fileRef = E6DA898D0963E6B8E0E73002 /* ScreenshotTests.swift */; };
		812B099E700A0D6F7D8B00B3 /* DocumentType.swift in Sources */ = {isa = PBXBuildFile; fileRef = AA436D09D6D781B33908670C /* DocumentType.swift */; };
		8559538D1A8BB86AF204B0BD /* Foundation.framework in Frameworks */ = {isa = PBXBuildFile; fileRef = 962E92589EE5DD533D4321D5 /* Foundation.framework */; };
		9B6DCF14271448526804147E /* AccessibilityIdentifiers.swift in Sources */ = {isa = PBXBuildFile; fileRef = C977AF70B214A61CFDF922C6 /* AccessibilityIdentifiers.swift */; };
		A00000000000000000000001 /* MaximusPrecisionApp.swift in Sources */ = {isa = PBXBuildFile; fileRef = A00000000000000000000011 /* MaximusPrecisionApp.swift */; };
		A00000000000000000000002 /* Customer.swift in Sources */ = {isa = PBXBuildFile; fileRef = A00000000000000000000012 /* Customer.swift */; };
		A00000000000000000000003 /* Vehicle.swift in Sources */ = {isa = PBXBuildFile; fileRef = A00000000000000000000013 /* Vehicle.swift */; };
		A00000000000000000000004 /* QuoteItem.swift in Sources */ = {isa = PBXBuildFile; fileRef = A00000000000000000000014 /* QuoteItem.swift */; };
		A00000000000000000000005 /* Quote.swift in Sources */ = {isa = PBXBuildFile; fileRef = A00000000000000000000015 /* Quote.swift */; };
		A00000000000000000000006 /* QuoteTemplate.swift in Sources */ = {isa = PBXBuildFile; fileRef = A00000000000000000000016 /* QuoteTemplate.swift */; };
		A00000000000000000000007 /* QuoteFormViewModel.swift in Sources */ = {isa = PBXBuildFile; fileRef = A00000000000000000000017 /* QuoteFormViewModel.swift */; };
		A00000000000000000000008 /* QuoteCalculatorService.swift in Sources */ = {isa = PBXBuildFile; fileRef = A00000000000000000000018 /* QuoteCalculatorService.swift */; };
		A00000000000000000000009 /* PDFGeneratorService.swift in Sources */ = {isa = PBXBuildFile; fileRef = A00000000000000000000019 /* PDFGeneratorService.swift */; };
		A0000000000000000000000A /* ShareSheet.swift in Sources */ = {isa = PBXBuildFile; fileRef = A0000000000000000000001A /* ShareSheet.swift */; };
		A0000000000000000000000B /* PDFPreviewView.swift in Sources */ = {isa = PBXBuildFile; fileRef = A0000000000000000000001B /* PDFPreviewView.swift */; };
		A0000000000000000000000C /* QuoteFormView.swift in Sources */ = {isa = PBXBuildFile; fileRef = A0000000000000000000001C /* QuoteFormView.swift */; };
		A0000000000000000000000D /* Assets.xcassets in Resources */ = {isa = PBXBuildFile; fileRef = A0000000000000000000001D /* Assets.xcassets */; };
		A594642BC5F8601158C6C7BD /* QuoteFormRobot.swift in Sources */ = {isa = PBXBuildFile; fileRef = 218721FC952ACFAB80A13D46 /* QuoteFormRobot.swift */; };
		B5CB1E124948A9CD0166AC4D /* PDFPreviewRobot.swift in Sources */ = {isa = PBXBuildFile; fileRef = 331555B12D960FD88506BAF2 /* PDFPreviewRobot.swift */; };
		C9D8F57A2E9F70305E4D2CAC /* QuoteFlowUITests.swift in Sources */ = {isa = PBXBuildFile; fileRef = 9820C5C84D7524FEB04A942E /* QuoteFlowUITests.swift */; };
		EE1925C77A7BE4EC2563C50A /* AccessibilityIdentifiers.swift in Sources */ = {isa = PBXBuildFile; fileRef = C977AF70B214A61CFDF922C6 /* AccessibilityIdentifiers.swift */; };
		F17C71F988A60D770BBC3CDA /* ItemEditRobot.swift in Sources */ = {isa = PBXBuildFile; fileRef = 8FBC24F6B94C5C9DC2E43FB2 /* ItemEditRobot.swift */; };
		F2FCFFB8CA556461649C8A3A /* Robot.swift in Sources */ = {isa = PBXBuildFile; fileRef = 78D20DF48BA5DA7F84D44420 /* Robot.swift */; };
/* End PBXBuildFile section */

/* Begin PBXContainerItemProxy section */
		64389A9520B01354FEEA1D9E /* PBXContainerItemProxy */ = {
			isa = PBXContainerItemProxy;
			containerPortal = A0000000000000000000002E /* Project object */;
			proxyType = 1;
			remoteGlobalIDString = A0000000000000000000002A;
			remoteInfo = MaximusPrecision;
		};
/* End PBXContainerItemProxy section */

/* Begin PBXFileReference section */
		218721FC952ACFAB80A13D46 /* QuoteFormRobot.swift */ = {isa = PBXFileReference; includeInIndex = 1; lastKnownFileType = sourcecode.swift; name = QuoteFormRobot.swift; path = MaximusPrecisionUITests/Robots/QuoteFormRobot.swift; sourceTree = "<group>"; };
		331555B12D960FD88506BAF2 /* PDFPreviewRobot.swift */ = {isa = PBXFileReference; includeInIndex = 1; lastKnownFileType = sourcecode.swift; name = PDFPreviewRobot.swift; path = MaximusPrecisionUITests/Robots/PDFPreviewRobot.swift; sourceTree = "<group>"; };
		3AC45A1D2F80D15F0007E674 /* UIApplication+Extensions.swift */ = {isa = PBXFileReference; lastKnownFileType = sourcecode.swift; path = "UIApplication+Extensions.swift"; sourceTree = "<group>"; };
		3AFBBB5E2F8AF8EB00B3F4AD /* SplashView.swift */ = {isa = PBXFileReference; lastKnownFileType = sourcecode.swift; path = SplashView.swift; sourceTree = "<group>"; };
		3AFBBB602F8B06A000B3F4AD /* Info.plist */ = {isa = PBXFileReference; lastKnownFileType = text.plist; path = Info.plist; sourceTree = "<group>"; };
		543711E57D06BF416FF20367 /* MaximusPrecisionUITests.xctest */ = {isa = PBXFileReference; explicitFileType = wrapper.cfbundle; includeInIndex = 0; path = MaximusPrecisionUITests.xctest; sourceTree = BUILT_PRODUCTS_DIR; };
		78D20DF48BA5DA7F84D44420 /* Robot.swift */ = {isa = PBXFileReference; includeInIndex = 1; lastKnownFileType = sourcecode.swift; name = Robot.swift; path = MaximusPrecisionUITests/Support/Robot.swift; sourceTree = "<group>"; };
		8FBC24F6B94C5C9DC2E43FB2 /* ItemEditRobot.swift */ = {isa = PBXFileReference; includeInIndex = 1; lastKnownFileType = sourcecode.swift; name = ItemEditRobot.swift; path = MaximusPrecisionUITests/Robots/ItemEditRobot.swift; sourceTree = "<group>"; };
		962E92589EE5DD533D4321D5 /* Foundation.framework */ = {isa = PBXFileReference; lastKnownFileType = wrapper.framework; name = Foundation.framework; path = Platforms/iPhoneOS.platform/Developer/SDKs/iPhoneOS18.0.sdk/System/Library/Frameworks/Foundation.framework; sourceTree = DEVELOPER_DIR; };
		9820C5C84D7524FEB04A942E /* QuoteFlowUITests.swift */ = {isa = PBXFileReference; includeInIndex = 1; lastKnownFileType = sourcecode.swift; name = QuoteFlowUITests.swift; path = MaximusPrecisionUITests/QuoteFlowUITests.swift; sourceTree = "<group>"; };
		A0000000000000000000000E /* MaximusPrecision.app */ = {isa = PBXFileReference; explicitFileType = wrapper.application; includeInIndex = 0; path = MaximusPrecision.app; sourceTree = BUILT_PRODUCTS_DIR; };
		A00000000000000000000011 /* MaximusPrecisionApp.swift */ = {isa = PBXFileReference; lastKnownFileType = sourcecode.swift; path = MaximusPrecisionApp.swift; sourceTree = "<group>"; };
		A00000000000000000000012 /* Customer.swift */ = {isa = PBXFileReference; lastKnownFileType = sourcecode.swift; path = Customer.swift; sourceTree = "<group>"; };
		A00000000000000000000013 /* Vehicle.swift */ = {isa = PBXFileReference; lastKnownFileType = sourcecode.swift; path = Vehicle.swift; sourceTree = "<group>"; };
		A00000000000000000000014 /* QuoteItem.swift */ = {isa = PBXFileReference; lastKnownFileType = sourcecode.swift; path = QuoteItem.swift; sourceTree = "<group>"; };
		A00000000000000000000015 /* Quote.swift */ = {isa = PBXFileReference; lastKnownFileType = sourcecode.swift; path = Quote.swift; sourceTree = "<group>"; };
		A00000000000000000000016 /* QuoteTemplate.swift */ = {isa = PBXFileReference; lastKnownFileType = sourcecode.swift; path = QuoteTemplate.swift; sourceTree = "<group>"; };
		A00000000000000000000017 /* QuoteFormViewModel.swift */ = {isa = PBXFileReference; lastKnownFileType = sourcecode.swift; path = QuoteFormViewModel.swift; sourceTree = "<group>"; };
		A00000000000000000000018 /* QuoteCalculatorService.swift */ = {isa = PBXFileReference; lastKnownFileType = sourcecode.swift; path = QuoteCalculatorService.swift; sourceTree = "<group>"; };
		A00000000000000000000019 /* PDFGeneratorService.swift */ = {isa = PBXFileReference; lastKnownFileType = sourcecode.swift; path = PDFGeneratorService.swift; sourceTree = "<group>"; };
		A0000000000000000000001A /* ShareSheet.swift */ = {isa = PBXFileReference; lastKnownFileType = sourcecode.swift; path = ShareSheet.swift; sourceTree = "<group>"; };
		A0000000000000000000001B /* PDFPreviewView.swift */ = {isa = PBXFileReference; lastKnownFileType = sourcecode.swift; path = PDFPreviewView.swift; sourceTree = "<group>"; };
		A0000000000000000000001C /* QuoteFormView.swift */ = {isa = PBXFileReference; lastKnownFileType = sourcecode.swift; path = QuoteFormView.swift; sourceTree = "<group>"; };
		A0000000000000000000001D /* Assets.xcassets */ = {isa = PBXFileReference; lastKnownFileType = folder.assetcatalog; path = Assets.xcassets; sourceTree = "<group>"; };
		A7ADF752D1496D661FBB456F /* XCUIApplication+Maximus.swift */ = {isa = PBXFileReference; includeInIndex = 1; lastKnownFileType = sourcecode.swift; name = "XCUIApplication+Maximus.swift"; path = "MaximusPrecisionUITests/Support/XCUIApplication+Maximus.swift"; sourceTree = "<group>"; };
		AA436D09D6D781B33908670C /* DocumentType.swift */ = {isa = PBXFileReference; includeInIndex = 1; lastKnownFileType = sourcecode.swift; path = DocumentType.swift; sourceTree = "<group>"; };
		C977AF70B214A61CFDF922C6 /* AccessibilityIdentifiers.swift */ = {isa = PBXFileReference; includeInIndex = 1; lastKnownFileType = sourcecode.swift; name = AccessibilityIdentifiers.swift; path = MaximusPrecision/Support/AccessibilityIdentifiers.swift; sourceTree = "<group>"; };
		E6DA898D0963E6B8E0E73002 /* ScreenshotTests.swift */ = {isa = PBXFileReference; includeInIndex = 1; lastKnownFileType = sourcecode.swift; name = ScreenshotTests.swift; path = MaximusPrecisionUITests/ScreenshotTests.swift; sourceTree = "<group>"; };
/* End PBXFileReference section */

/* Begin PBXFrameworksBuildPhase section */
		461033FD9AF4678768DA6998 /* Frameworks */ = {
			isa = PBXFrameworksBuildPhase;
			buildActionMask = 2147483647;
			files = (
				8559538D1A8BB86AF204B0BD /* Foundation.framework in Frameworks */,
			);
			runOnlyForDeploymentPostprocessing = 0;
		};
		A0000000000000000000001E /* Frameworks */ = {
			isa = PBXFrameworksBuildPhase;
			buildActionMask = 2147483647;
			files = (
			);
			runOnlyForDeploymentPostprocessing = 0;
		};
/* End PBXFrameworksBuildPhase section */

/* Begin PBXGroup section */
		13DF45379615F6F2725B9679 /* Frameworks */ = {
			isa = PBXGroup;
			children = (
				3E0AF0AAD85697723B7DC396 /* iOS */,
			);
			name = Frameworks;
			sourceTree = "<group>";
		};
		3AC45A1C2F80D1240007E674 /* Extensions */ = {
			isa = PBXGroup;
			children = (
				3AC45A1D2F80D15F0007E674 /* UIApplication+Extensions.swift */,
			);
			path = Extensions;
			sourceTree = "<group>";
		};
		3E0AF0AAD85697723B7DC396 /* iOS */ = {
			isa = PBXGroup;
			children = (
				962E92589EE5DD533D4321D5 /* Foundation.framework */,
			);
			name = iOS;
			sourceTree = "<group>";
		};
		957C063244E1236AF76230C0 /* MaximusPrecisionUITests */ = {
			isa = PBXGroup;
			children = (
				9820C5C84D7524FEB04A942E /* QuoteFlowUITests.swift */,
				8FBC24F6B94C5C9DC2E43FB2 /* ItemEditRobot.swift */,
				331555B12D960FD88506BAF2 /* PDFPreviewRobot.swift */,
				218721FC952ACFAB80A13D46 /* QuoteFormRobot.swift */,
				E6DA898D0963E6B8E0E73002 /* ScreenshotTests.swift */,
				78D20DF48BA5DA7F84D44420 /* Robot.swift */,
				A7ADF752D1496D661FBB456F /* XCUIApplication+Maximus.swift */,
			);
			name = MaximusPrecisionUITests;
			sourceTree = SOURCE_ROOT;
		};
		A0000000000000000000001F = {
			isa = PBXGroup;
			children = (
				A00000000000000000000020 /* MaximusPrecision */,
				A00000000000000000000021 /* Products */,
				13DF45379615F6F2725B9679 /* Frameworks */,
				957C063244E1236AF76230C0 /* MaximusPrecisionUITests */,
			);
			sourceTree = "<group>";
		};
		A00000000000000000000020 /* MaximusPrecision */ = {
			isa = PBXGroup;
			children = (
				3AFBBB602F8B06A000B3F4AD /* Info.plist */,
				A00000000000000000000022 /* App */,
				A00000000000000000000023 /* Features */,
				A00000000000000000000024 /* Services */,
				3AC45A1C2F80D1240007E674 /* Extensions */,
				A00000000000000000000025 /* Resources */,
				BCFE520F9437F6BE6E3C840C /* Support */,
			);
			path = MaximusPrecision;
			sourceTree = "<group>";
		};
		A00000000000000000000021 /* Products */ = {
			isa = PBXGroup;
			children = (
				A0000000000000000000000E /* MaximusPrecision.app */,
				543711E57D06BF416FF20367 /* MaximusPrecisionUITests.xctest */,
			);
			name = Products;
			sourceTree = "<group>";
		};
		A00000000000000000000022 /* App */ = {
			isa = PBXGroup;
			children = (
				A00000000000000000000011 /* MaximusPrecisionApp.swift */,
			);
			path = App;
			sourceTree = "<group>";
		};
		A00000000000000000000023 /* Features */ = {
			isa = PBXGroup;
			children = (
				A00000000000000000000026 /* Quotes */,
			);
			path = Features;
			sourceTree = "<group>";
		};
		A00000000000000000000024 /* Services */ = {
			isa = PBXGroup;
			children = (
				A00000000000000000000018 /* QuoteCalculatorService.swift */,
				A00000000000000000000019 /* PDFGeneratorService.swift */,
				A0000000000000000000001A /* ShareSheet.swift */,
			);
			path = Services;
			sourceTree = "<group>";
		};
		A00000000000000000000025 /* Resources */ = {
			isa = PBXGroup;
			children = (
				A0000000000000000000001D /* Assets.xcassets */,
			);
			path = Resources;
			sourceTree = "<group>";
		};
		A00000000000000000000026 /* Quotes */ = {
			isa = PBXGroup;
			children = (
				A00000000000000000000027 /* Models */,
				A00000000000000000000028 /* ViewModels */,
				A00000000000000000000029 /* Views */,
			);
			path = Quotes;
			sourceTree = "<group>";
		};
		A00000000000000000000027 /* Models */ = {
			isa = PBXGroup;
			children = (
				A00000000000000000000012 /* Customer.swift */,
				A00000000000000000000013 /* Vehicle.swift */,
				A00000000000000000000014 /* QuoteItem.swift */,
				A00000000000000000000015 /* Quote.swift */,
				A00000000000000000000016 /* QuoteTemplate.swift */,
				AA436D09D6D781B33908670C /* DocumentType.swift */,
			);
			path = Models;
			sourceTree = "<group>";
		};
		A00000000000000000000028 /* ViewModels */ = {
			isa = PBXGroup;
			children = (
				A00000000000000000000017 /* QuoteFormViewModel.swift */,
			);
			path = ViewModels;
			sourceTree = "<group>";
		};
		A00000000000000000000029 /* Views */ = {
			isa = PBXGroup;
			children = (
				3AFBBB5E2F8AF8EB00B3F4AD /* SplashView.swift */,
				A0000000000000000000001B /* PDFPreviewView.swift */,
				A0000000000000000000001C /* QuoteFormView.swift */,
			);
			path = Views;
			sourceTree = "<group>";
		};
		BCFE520F9437F6BE6E3C840C /* Support */ = {
			isa = PBXGroup;
			children = (
				C977AF70B214A61CFDF922C6 /* AccessibilityIdentifiers.swift */,
			);
			name = Support;
			sourceTree = SOURCE_ROOT;
		};
/* End PBXGroup section */

/* Begin PBXNativeTarget section */
		076670CC7C261610934AC4B7 /* MaximusPrecisionUITests */ = {
			isa = PBXNativeTarget;
			buildConfigurationList = 27EB6A8FE2EE910C8C752C7D /* Build configuration list for PBXNativeTarget "MaximusPrecisionUITests" */;
			buildPhases = (
				CED6597ABE6FDC700F1A24CF /* Sources */,
				461033FD9AF4678768DA6998 /* Frameworks */,
				2F8DBA4652FF3E8BF1576FBD /* Resources */,
			);
			buildRules = (
			);
			dependencies = (
				6C6FE1E64BE4633204338499 /* PBXTargetDependency */,
			);
			name = MaximusPrecisionUITests;
			productName = MaximusPrecisionUITests;
			productReference = 543711E57D06BF416FF20367 /* MaximusPrecisionUITests.xctest */;
			productType = "com.apple.product-type.bundle.ui-testing";
		};
		A0000000000000000000002A /* MaximusPrecision */ = {
			isa = PBXNativeTarget;
			buildConfigurationList = A0000000000000000000002B /* Build configuration list for PBXNativeTarget "MaximusPrecision" */;
			buildPhases = (
				A0000000000000000000002C /* Sources */,
				A0000000000000000000001E /* Frameworks */,
				A0000000000000000000002D /* Resources */,
			);
			buildRules = (
			);
			dependencies = (
			);
			name = MaximusPrecision;
			productName = MaximusPrecision;
			productReference = A0000000000000000000000E /* MaximusPrecision.app */;
			productType = "com.apple.product-type.application";
		};
/* End PBXNativeTarget section */

/* Begin PBXProject section */
		A0000000000000000000002E /* Project object */ = {
			isa = PBXProject;
			attributes = {
				BuildIndependentTargetsInParallel = 1;
				LastSwiftUpdateCheck = 1600;
				LastUpgradeCheck = 1600;
				TargetAttributes = {
					A0000000000000000000002A = {
						CreatedOnToolsVersion = 16.0;
					};
				};
			};
			buildConfigurationList = A0000000000000000000002F /* Build configuration list for PBXProject "MaximusPrecision" */;
			compatibilityVersion = "Xcode 14.0";
			developmentRegion = en;
			hasScannedForEncodings = 0;
			knownRegions = (
				en,
				Base,
			);
			mainGroup = A0000000000000000000001F;
			productRefGroup = A00000000000000000000021 /* Products */;
			projectDirPath = "";
			projectRoot = "";
			targets = (
				A0000000000000000000002A /* MaximusPrecision */,
				076670CC7C261610934AC4B7 /* MaximusPrecisionUITests */,
			);
		};
/* End PBXProject section */

/* Begin PBXResourcesBuildPhase section */
		2F8DBA4652FF3E8BF1576FBD /* Resources */ = {
			isa = PBXResourcesBuildPhase;
			buildActionMask = 2147483647;
			files = (
			);
			runOnlyForDeploymentPostprocessing = 0;
		};
		A0000000000000000000002D /* Resources */ = {
			isa = PBXResourcesBuildPhase;
			buildActionMask = 2147483647;
			files = (
				A0000000000000000000000D /* Assets.xcassets in Resources */,
			);
			runOnlyForDeploymentPostprocessing = 0;
		};
/* End PBXResourcesBuildPhase section */

/* Begin PBXSourcesBuildPhase section */
		A0000000000000000000002C /* Sources */ = {
			isa = PBXSourcesBuildPhase;
			buildActionMask = 2147483647;
			files = (
				A00000000000000000000001 /* MaximusPrecisionApp.swift in Sources */,
				A00000000000000000000002 /* Customer.swift in Sources */,
				A00000000000000000000003 /* Vehicle.swift in Sources */,
				A00000000000000000000004 /* QuoteItem.swift in Sources */,
				3AC45A1E2F80D1690007E674 /* UIApplication+Extensions.swift in Sources */,
				A00000000000000000000005 /* Quote.swift in Sources */,
				A00000000000000000000006 /* QuoteTemplate.swift in Sources */,
				A00000000000000000000007 /* QuoteFormViewModel.swift in Sources */,
				A00000000000000000000008 /* QuoteCalculatorService.swift in Sources */,
				A00000000000000000000009 /* PDFGeneratorService.swift in Sources */,
				A0000000000000000000000A /* ShareSheet.swift in Sources */,
				A0000000000000000000000B /* PDFPreviewView.swift in Sources */,
				A0000000000000000000000C /* QuoteFormView.swift in Sources */,
				3AFBBB5F2F8AF8FF00B3F4AD /* SplashView.swift in Sources */,
				9B6DCF14271448526804147E /* AccessibilityIdentifiers.swift in Sources */,
				812B099E700A0D6F7D8B00B3 /* DocumentType.swift in Sources */,
			);
			runOnlyForDeploymentPostprocessing = 0;
		};
		CED6597ABE6FDC700F1A24CF /* Sources */ = {
			isa = PBXSourcesBuildPhase;
			buildActionMask = 2147483647;
			files = (
				EE1925C77A7BE4EC2563C50A /* AccessibilityIdentifiers.swift in Sources */,
				C9D8F57A2E9F70305E4D2CAC /* QuoteFlowUITests.swift in Sources */,
				F17C71F988A60D770BBC3CDA /* ItemEditRobot.swift in Sources */,
				B5CB1E124948A9CD0166AC4D /* PDFPreviewRobot.swift in Sources */,
				A594642BC5F8601158C6C7BD /* QuoteFormRobot.swift in Sources */,
				61A93AD250B4DBA0D23A64B8 /* ScreenshotTests.swift in Sources */,
				F2FCFFB8CA556461649C8A3A /* Robot.swift in Sources */,
				3D757F9307C89E0FFCABECAF /* XCUIApplication+Maximus.swift in Sources */,
			);
			runOnlyForDeploymentPostprocessing = 0;
		};
/* End PBXSourcesBuildPhase section */

/* Begin PBXTargetDependency section */
		6C6FE1E64BE4633204338499 /* PBXTargetDependency */ = {
			isa = PBXTargetDependency;
			name = MaximusPrecision;
			target = A0000000000000000000002A /* MaximusPrecision */;
			targetProxy = 64389A9520B01354FEEA1D9E /* PBXContainerItemProxy */;
		};
/* End PBXTargetDependency section */

/* Begin XCBuildConfiguration section */
		2335D17D44AA3059722F1F38 /* Debug */ = {
			isa = XCBuildConfiguration;
			buildSettings = {
				CLANG_ENABLE_OBJC_WEAK = NO;
				CODE_SIGN_STYLE = Automatic;
				CURRENT_PROJECT_VERSION = 1;
				DEVELOPMENT_TEAM = YFJ48SR2KW;
				GENERATE_INFOPLIST_FILE = YES;
				IPHONEOS_DEPLOYMENT_TARGET = 17.0;
				MARKETING_VERSION = 1.0;
				PRODUCT_BUNDLE_IDENTIFIER = com.maximusprecision.app.uitests;
				PRODUCT_NAME = "$(TARGET_NAME)";
				SDKROOT = iphoneos;
				SWIFT_VERSION = 5.0;
				TARGETED_DEVICE_FAMILY = "1,2";
				TEST_TARGET_NAME = MaximusPrecision;
			};
			name = Debug;
		};
		A00000000000000000000030 /* Debug */ = {
			isa = XCBuildConfiguration;
			buildSettings = {
				ASSETCATALOG_COMPILER_APPICON_NAME = AppIcon;
				ASSETCATALOG_COMPILER_GLOBAL_ACCENT_COLOR_NAME = AccentColor;
				CODE_SIGN_STYLE = Automatic;
				CURRENT_PROJECT_VERSION = 1;
				DEVELOPMENT_TEAM = YFJ48SR2KW;
				ENABLE_PREVIEWS = YES;
				GENERATE_INFOPLIST_FILE = YES;
				INFOPLIST_FILE = MaximusPrecision/Info.plist;
				INFOPLIST_KEY_CFBundleDisplayName = "Maximus Precision";
				INFOPLIST_KEY_UIApplicationSceneManifest_Generation = YES;
				INFOPLIST_KEY_UIApplicationSupportsIndirectInputEvents = YES;
				INFOPLIST_KEY_UISupportedInterfaceOrientations_iPhone = "UIInterfaceOrientationPortrait UIInterfaceOrientationLandscapeLeft UIInterfaceOrientationLandscapeRight";
				IPHONEOS_DEPLOYMENT_TARGET = 17.0;
				LD_RUNPATH_SEARCH_PATHS = (
					"$(inherited)",
					"@executable_path/Frameworks",
				);
				MARKETING_VERSION = 1.0;
				PRODUCT_BUNDLE_IDENTIFIER = com.maximusprecision.app;
				PRODUCT_NAME = "$(TARGET_NAME)";
				SDKROOT = iphoneos;
				SUPPORTED_PLATFORMS = "iphoneos iphonesimulator";
				SWIFT_EMIT_LOC_STRINGS = YES;
				SWIFT_VERSION = 5.0;
				TARGETED_DEVICE_FAMILY = 1;
			};
			name = Debug;
		};
		A00000000000000000000031 /* Release */ = {
			isa = XCBuildConfiguration;
			buildSettings = {
				ASSETCATALOG_COMPILER_APPICON_NAME = AppIcon;
				ASSETCATALOG_COMPILER_GLOBAL_ACCENT_COLOR_NAME = AccentColor;
				CODE_SIGN_STYLE = Automatic;
				CURRENT_PROJECT_VERSION = 1;
				DEVELOPMENT_TEAM = YFJ48SR2KW;
				ENABLE_PREVIEWS = YES;
				GENERATE_INFOPLIST_FILE = YES;
				INFOPLIST_FILE = MaximusPrecision/Info.plist;
				INFOPLIST_KEY_CFBundleDisplayName = "Maximus Precision";
				INFOPLIST_KEY_UIApplicationSceneManifest_Generation = YES;
				INFOPLIST_KEY_UIApplicationSupportsIndirectInputEvents = YES;
				INFOPLIST_KEY_UISupportedInterfaceOrientations_iPhone = "UIInterfaceOrientationPortrait UIInterfaceOrientationLandscapeLeft UIInterfaceOrientationLandscapeRight";
				IPHONEOS_DEPLOYMENT_TARGET = 17.0;
				LD_RUNPATH_SEARCH_PATHS = (
					"$(inherited)",
					"@executable_path/Frameworks",
				);
				MARKETING_VERSION = 1.0;
				PRODUCT_BUNDLE_IDENTIFIER = com.maximusprecision.app;
				PRODUCT_NAME = "$(TARGET_NAME)";
				SDKROOT = iphoneos;
				SUPPORTED_PLATFORMS = "iphoneos iphonesimulator";
				SWIFT_EMIT_LOC_STRINGS = YES;
				SWIFT_VERSION = 5.0;
				TARGETED_DEVICE_FAMILY = 1;
			};
			name = Release;
		};
		A00000000000000000000032 /* Debug */ = {
			isa = XCBuildConfiguration;
			buildSettings = {
				ALWAYS_SEARCH_USER_PATHS = NO;
				CLANG_ENABLE_MODULES = YES;
				CLANG_ENABLE_OBJC_ARC = YES;
				COPY_PHASE_STRIP = NO;
				DEBUG_INFORMATION_FORMAT = dwarf;
				ENABLE_STRICT_OBJC_MSGSEND = YES;
				GCC_C_LANGUAGE_STANDARD = gnu17;
				GCC_NO_COMMON_BLOCKS = YES;
				GCC_OPTIMIZATION_LEVEL = 0;
				GCC_PREPROCESSOR_DEFINITIONS = (
					"DEBUG=1",
					"$(inherited)",
				);
				ONLY_ACTIVE_ARCH = YES;
				SWIFT_ACTIVE_COMPILATION_CONDITIONS = DEBUG;
				SWIFT_OPTIMIZATION_LEVEL = "-Onone";
			};
			name = Debug;
		};
		A00000000000000000000033 /* Release */ = {
			isa = XCBuildConfiguration;
			buildSettings = {
				ALWAYS_SEARCH_USER_PATHS = NO;
				CLANG_ENABLE_MODULES = YES;
				CLANG_ENABLE_OBJC_ARC = YES;
				COPY_PHASE_STRIP = NO;
				DEBUG_INFORMATION_FORMAT = "dwarf-with-dsym";
				ENABLE_NS_ASSERTIONS = NO;
				ENABLE_STRICT_OBJC_MSGSEND = YES;
				GCC_C_LANGUAGE_STANDARD = gnu17;
				GCC_NO_COMMON_BLOCKS = YES;
				SWIFT_COMPILATION_MODE = wholemodule;
				SWIFT_OPTIMIZATION_LEVEL = "-O";
			};
			name = Release;
		};
		A35C2B1274A25683340BBFE3 /* Release */ = {
			isa = XCBuildConfiguration;
			buildSettings = {
				CLANG_ENABLE_OBJC_WEAK = NO;
				CODE_SIGN_STYLE = Automatic;
				CURRENT_PROJECT_VERSION = 1;
				DEVELOPMENT_TEAM = YFJ48SR2KW;
				GENERATE_INFOPLIST_FILE = YES;
				IPHONEOS_DEPLOYMENT_TARGET = 17.0;
				MARKETING_VERSION = 1.0;
				PRODUCT_BUNDLE_IDENTIFIER = com.maximusprecision.app.uitests;
				PRODUCT_NAME = "$(TARGET_NAME)";
				SDKROOT = iphoneos;
				SWIFT_VERSION = 5.0;
				TARGETED_DEVICE_FAMILY = "1,2";
				TEST_TARGET_NAME = MaximusPrecision;
				VALIDATE_PRODUCT = YES;
			};
			name = Release;
		};
/* End XCBuildConfiguration section */

/* Begin XCConfigurationList section */
		27EB6A8FE2EE910C8C752C7D /* Build configuration list for PBXNativeTarget "MaximusPrecisionUITests" */ = {
			isa = XCConfigurationList;
			buildConfigurations = (
				A35C2B1274A25683340BBFE3 /* Release */,
				2335D17D44AA3059722F1F38 /* Debug */,
			);
			defaultConfigurationIsVisible = 0;
			defaultConfigurationName = Release;
		};
		A0000000000000000000002B /* Build configuration list for PBXNativeTarget "MaximusPrecision" */ = {
			isa = XCConfigurationList;
			buildConfigurations = (
				A00000000000000000000030 /* Debug */,
				A00000000000000000000031 /* Release */,
			);
			defaultConfigurationIsVisible = 0;
			defaultConfigurationName = Release;
		};
		A0000000000000000000002F /* Build configuration list for PBXProject "MaximusPrecision" */ = {
			isa = XCConfigurationList;
			buildConfigurations = (
				A00000000000000000000032 /* Debug */,
				A00000000000000000000033 /* Release */,
			);
			defaultConfigurationIsVisible = 0;
			defaultConfigurationName = Release;
		};
/* End XCConfigurationList section */
	};
	rootObject = A0000000000000000000002E /* Project object */;
}
