// !$*UTF8*$!
{
	archiveVersion = 1;
	classes = {
	};
	objectVersion = 56;
	objects = {

/* Begin PBXBuildFile section */
		037EDAE912D90E9FA81DBE99 /* RecordEditSheet.swift in Sources */ = {isa = PBXBuildFile; fileRef = 06DAD3A46DA5FB4FBE88CCA2 /* RecordEditSheet.swift */; };
		12048F9E54DAC79840CB8343 /* ClientRecord.swift in Sources */ = {isa = PBXBuildFile; fileRef = 85F10896D2E513F734A67352 /* ClientRecord.swift */; };
		13422ABF496C74C2EB59C2E5 /* ServiceRecord.swift in Sources */ = {isa = PBXBuildFile; fileRef = 670DD0FDDB73AFB8403A2C3B /* ServiceRecord.swift */; };
		13DB26BDC187BC0F5B3D0AE3 /* RecordsRobot.swift in Sources */ = {isa = PBXBuildFile; fileRef = 0A3CF36EA16A9D6E76F5294F /* RecordsRobot.swift */; };
		1746580E4A4EA1A67D83A278 /* PDFPreviewRobot.swift in Sources */ = {isa = PBXBuildFile; fileRef = 6D1C3D4917AC92ECF79D0604 /* PDFPreviewRobot.swift */; };
		1FAF662A9612075E12AF3955 /* LRUCacheTests.swift in Sources */ = {isa = PBXBuildFile; fileRef = 42B79269365DCA3685123FEA /* LRUCacheTests.swift */; };
		27846F382BE7DE06F628FC89 /* RecordsViewModel.swift in Sources */ = {isa = PBXBuildFile; fileRef = 8BC535D3375D809AEB6C8ADE /* RecordsViewModel.swift */; };
		3483CDC45EF2656764D3984B /* VehicleCatalog.swift in Sources */ = {isa = PBXBuildFile; fileRef = E83E183493D89831CCCCF75E /* VehicleCatalog.swift */; };
		3AC45A1E2F80D1690007E674 /* UIApplication+Extensions.swift in Sources */ = {isa = PBXBuildFile; fileRef = 3AC45A1D2F80D15F0007E674 /* UIApplication+Extensions.swift */; };
		3AFBBB5F2F8AF8FF00B3F4AD /* SplashView.swift in Sources */ = {isa = PBXBuildFile; fileRef = 3AFBBB5E2F8AF8EB00B3F4AD /* SplashView.swift */; };
		43530D70F7500F462602FFF5 /* LRUCache.swift in Sources */ = {isa = PBXBuildFile; fileRef = 7C1B5430C0958BB2EEEA6A7A /* LRUCache.swift */; };
		45FB02E7D1F8DBA4E8CA1901 /* VersionPickerSheet.swift in Sources */ = {isa = PBXBuildFile; fileRef = B5353190E3729B7B3A28BAF7 /* VersionPickerSheet.swift */; };
		4A007E4177753BFEFFEA2CD7 /* ClientVehicleRepositoryTests.swift in Sources */ = {isa = PBXBuildFile; fileRef = 7F440E76EDA4EFF176CA8CF5 /* ClientVehicleRepositoryTests.swift */; };
		4D8B9B091A6A95461B6D2993 /* QuoteFormRobot.swift in Sources */ = {isa = PBXBuildFile; fileRef = 621C1C825075CEE2E4C15714 /* QuoteFormRobot.swift */; };
		653056C8A90CF4EF9327B1B9 /* VersionPickerRobot.swift in Sources */ = {isa = PBXBuildFile; fileRef = B1FF94A1E3E057E04335F251 /* VersionPickerRobot.swift */; };
		691E071EF910469D05EB14D2 /* QuoteFlowUITests.swift in Sources */ = {isa = PBXBuildFile; fileRef = D4DE9351C7291402427B7715 /* QuoteFlowUITests.swift */; };
		69D9A7170090449F06F579A8 /* VehicleRecord.swift in Sources */ = {isa = PBXBuildFile; fileRef = 62C4921D85BFE36A02313C4A /* VehicleRecord.swift */; };
		7E90EE97A660FC8E7C771351 /* Robot.swift in Sources */ = {isa = PBXBuildFile; fileRef = 5DBB1C3158B58FC3D2B3A7DD /* Robot.swift */; };
		812B099E700A0D6F7D8B00B3 /* DocumentType.swift in Sources */ = {isa = PBXBuildFile; fileRef = AA436D09D6D781B33908670C /* DocumentType.swift */; };
		8559538D1A8BB86AF204B0BD /* Foundation.framework in Frameworks */ = {isa = PBXBuildFile; fileRef = 962E92589EE5DD533D4321D5 /* Foundation.framework */; };
		8B672F101B00257E1F679214 /* VehicleDetailView.swift in Sources */ = {isa = PBXBuildFile; fileRef = 132CE4BA987484B8F8545235 /* VehicleDetailView.swift */; };
		9226080534611FE65A861574 /* RootTabView.swift in Sources */ = {isa = PBXBuildFile; fileRef = 992583EE725CECD362A748D6 /* RootTabView.swift */; };
		951E7763849BCDC3FCB7DD0D /* VehicleCatalogTests.swift in Sources */ = {isa = PBXBuildFile; fileRef = BC603F5E4F91A9DAD86822DE /* VehicleCatalogTests.swift */; };
		9777FD6566AAC7938B28D318 /* Foundation.framework in Frameworks */ = {isa = PBXBuildFile; fileRef = 962E92589EE5DD533D4321D5 /* Foundation.framework */; };
		99FD8D11867349CBC1ADE6CF /* QuoteFormViewModelTests.swift in Sources */ = {isa = PBXBuildFile; fileRef = D3D2C47D996D3073B4AC5DA8 /* QuoteFormViewModelTests.swift */; };
		9B6DCF14271448526804147E /* AccessibilityIdentifiers.swift in Sources */ = {isa = PBXBuildFile; fileRef = C977AF70B214A61CFDF922C6 /* AccessibilityIdentifiers.swift */; };
		A00000000000000000000001 /* MaximusPrecisionApp.swift in Sources */ = {isa = PBXBuildFile; fileRef = A00000000000000000000011 /* MaximusPrecisionApp.swift */; };
		A00000000000000000000002 /* Customer.swift in Sources */ = {isa = PBXBuildFile; fileRef = A00000000000000000000012 /* Customer.swift */; };
		A00000000000000000000003 /* Vehicle.swift in Sources */ = {isa = PBXBuildFile; fileRef = A00000000000000000000013 /* Vehicle.swift */; };
		A00000000000000000000004 /* QuoteItem.swift in Sources */ = {isa = PBXBuildFile; fileRef = A00000000000000000000014 /* QuoteItem.swift */; };
		A00000000000000000000005 /* Quote.swift in Sources */ = {isa = PBXBuildFile; fileRef = A00000000000000000000015 /* Quote.swift */; };
		A00000000000000000000006 /* QuoteTemplate.swift in Sources */ = {isa = PBXBuildFile; fileRef = A00000000000000000000016 /* QuoteTemplate.swift */; };
		A00000000000000000000007 /* QuoteFormViewModel.swift in Sources */ = {isa = PBXBuildFile; fileRef = A00000000000000000000017 /* QuoteFormViewModel.swift */; };
		A00000000000000000000008 /* QuoteCalculatorService.swift in Sources */ = {isa = PBXBuildFile; fileRef = A00000000000000000000018 /* QuoteCalculatorService.swift */; };
		A00000000000000000000009 /* PDFGeneratorService.swift in Sources */ = {isa = PBXBuildFile; fileRef = A00000000000000000000019 /* PDFGeneratorService.swift */; };
		A0000000000000000000000A /* ShareSheet.swift in Sources */ = {isa = PBXBuildFile; fileRef = A0000000000000000000001A /* ShareSheet.swift */; };
		A0000000000000000000000B /* PDFPreviewView.swift in Sources */ = {isa = PBXBuildFile; fileRef = A0000000000000000000001B /* PDFPreviewView.swift */; };
		A0000000000000000000000C /* QuoteFormView.swift in Sources */ = {isa = PBXBuildFile; fileRef = A0000000000000000000001C /* QuoteFormView.swift */; };
		A0000000000000000000000D /* Assets.xcassets in Resources */ = {isa = PBXBuildFile; fileRef = A0000000000000000000001D /* Assets.xcassets */; };
		AD2647465EFEE4C6C015A6E3 /* ScreenshotTests.swift in Sources */ = {isa = PBXBuildFile; fileRef = F604987217C9A51545C2AF36 /* ScreenshotTests.swift */; };
		C1CA256A0ED2C3B6907EEC0B /* YearPickerSheet.swift in Sources */ = {isa = PBXBuildFile; fileRef = A8E2A77E299D86A13E66971E /* YearPickerSheet.swift */; };
		C520CF3CACF0F4FFB5C0D80A /* CatalogModels.swift in Sources */ = {isa = PBXBuildFile; fileRef = C7E3641F9368E9A09B74BCAA /* CatalogModels.swift */; };
		C76C66FDCD110A23D0DCA9FE /* XCUIApplication+Maximus.swift in Sources */ = {isa = PBXBuildFile; fileRef = 721C5F7179BBD3BC73A0D37F /* XCUIApplication+Maximus.swift */; };
		C9147F91F7E65F453020563A /* ItemEditRobot.swift in Sources */ = {isa = PBXBuildFile; fileRef = AF6DA557AA2231075C722A0E /* ItemEditRobot.swift */; };
		DB2BF6851CCA3BAE0FC8A2F6 /* YearPickerRobot.swift in Sources */ = {isa = PBXBuildFile; fileRef = 0C9B4112B88C2AE39CADF204 /* YearPickerRobot.swift */; };
		E7125EDACBA89B3BFC21F140 /* AppModelContainer.swift in Sources */ = {isa = PBXBuildFile; fileRef = 3B5233A6B009BED5ADC603D7 /* AppModelContainer.swift */; };
		EE1925C77A7BE4EC2563C50A /* AccessibilityIdentifiers.swift in Sources */ = {isa = PBXBuildFile; fileRef = C977AF70B214A61CFDF922C6 /* AccessibilityIdentifiers.swift */; };
		F4DE3125010C6406E994413A /* ClientVehicleRepository.swift in Sources */ = {isa = PBXBuildFile; fileRef = A811C5B5877E875282074A87 /* ClientVehicleRepository.swift */; };
		F5EF7370072F23F5C7CE4ADE /* RecordsView.swift in Sources */ = {isa = PBXBuildFile; fileRef = D7509768800B8F060887B325 /* RecordsView.swift */; };
		FA15B9FFB0E4D9B685ACD407 /* VehicleCatalogSeed.swift in Sources */ = {isa = PBXBuildFile; fileRef = 840E23F9F94FB106FC88B349 /* VehicleCatalogSeed.swift */; };
/* End PBXBuildFile section */

/* Begin PBXContainerItemProxy section */
		52D025CBE116262E9BC41D78 /* PBXContainerItemProxy */ = {
			isa = PBXContainerItemProxy;
			containerPortal = A0000000000000000000002E /* Project object */;
			proxyType = 1;
			remoteGlobalIDString = A0000000000000000000002A;
			remoteInfo = MaximusPrecision;
		};
		64389A9520B01354FEEA1D9E /* PBXContainerItemProxy */ = {
			isa = PBXContainerItemProxy;
			containerPortal = A0000000000000000000002E /* Project object */;
			proxyType = 1;
			remoteGlobalIDString = A0000000000000000000002A;
			remoteInfo = MaximusPrecision;
		};
/* End PBXContainerItemProxy section */

/* Begin PBXFileReference section */
		06DAD3A46DA5FB4FBE88CCA2 /* RecordEditSheet.swift */ = {isa = PBXFileReference; includeInIndex = 1; lastKnownFileType = sourcecode.swift; name = RecordEditSheet.swift; path = Records/Views/RecordEditSheet.swift; sourceTree = "<group>"; };
		0A3CF36EA16A9D6E76F5294F /* RecordsRobot.swift */ = {isa = PBXFileReference; includeInIndex = 1; lastKnownFileType = sourcecode.swift; name = RecordsRobot.swift; path = MaximusPrecisionUITests/Robots/RecordsRobot.swift; sourceTree = "<group>"; };
		0C9B4112B88C2AE39CADF204 /* YearPickerRobot.swift */ = {isa = PBXFileReference; includeInIndex = 1; lastKnownFileType = sourcecode.swift; name = YearPickerRobot.swift; path = MaximusPrecisionUITests/Robots/YearPickerRobot.swift; sourceTree = "<group>"; };
		132CE4BA987484B8F8545235 /* VehicleDetailView.swift */ = {isa = PBXFileReference; includeInIndex = 1; lastKnownFileType = sourcecode.swift; name = VehicleDetailView.swift; path = Records/Views/VehicleDetailView.swift; sourceTree = "<group>"; };
		3AC45A1D2F80D15F0007E674 /* UIApplication+Extensions.swift */ = {isa = PBXFileReference; lastKnownFileType = sourcecode.swift; path = "UIApplication+Extensions.swift"; sourceTree = "<group>"; };
		3AFBBB5E2F8AF8EB00B3F4AD /* SplashView.swift */ = {isa = PBXFileReference; lastKnownFileType = sourcecode.swift; path = SplashView.swift; sourceTree = "<group>"; };
		3AFBBB602F8B06A000B3F4AD /* Info.plist */ = {isa = PBXFileReference; lastKnownFileType = text.plist; path = Info.plist; sourceTree = "<group>"; };
		3B5233A6B009BED5ADC603D7 /* AppModelContainer.swift */ = {isa = PBXFileReference; includeInIndex = 1; lastKnownFileType = sourcecode.swift; name = AppModelContainer.swift; path = Catalog/AppModelContainer.swift; sourceTree = "<group>"; };
		42B79269365DCA3685123FEA /* LRUCacheTests.swift */ = {isa = PBXFileReference; includeInIndex = 1; lastKnownFileType = sourcecode.swift; name = LRUCacheTests.swift; path = MaximusPrecisionTests/LRUCacheTests.swift; sourceTree = "<group>"; };
		543711E57D06BF416FF20367 /* MaximusPrecisionUITests.xctest */ = {isa = PBXFileReference; explicitFileType = wrapper.cfbundle; includeInIndex = 0; path = MaximusPrecisionUITests.xctest; sourceTree = BUILT_PRODUCTS_DIR; };
		5DBB1C3158B58FC3D2B3A7DD /* Robot.swift */ = {isa = PBXFileReference; includeInIndex = 1; lastKnownFileType = sourcecode.swift; name = Robot.swift; path = MaximusPrecisionUITests/Support/Robot.swift; sourceTree = "<group>"; };
		621C1C825075CEE2E4C15714 /* QuoteFormRobot.swift */ = {isa = PBXFileReference; includeInIndex = 1; lastKnownFileType = sourcecode.swift; name = QuoteFormRobot.swift; path = MaximusPrecisionUITests/Robots/QuoteFormRobot.swift; sourceTree = "<group>"; };
		62C4921D85BFE36A02313C4A /* VehicleRecord.swift */ = {isa = PBXFileReference; includeInIndex = 1; lastKnownFileType = sourcecode.swift; name = VehicleRecord.swift; path = Records/VehicleRecord.swift; sourceTree = "<group>"; };
		670DD0FDDB73AFB8403A2C3B /* ServiceRecord.swift */ = {isa = PBXFileReference; includeInIndex = 1; lastKnownFileType = sourcecode.swift; name = ServiceRecord.swift; path = Records/ServiceRecord.swift; sourceTree = "<group>"; };
		6D1C3D4917AC92ECF79D0604 /* PDFPreviewRobot.swift */ = {isa = PBXFileReference; includeInIndex = 1; lastKnownFileType = sourcecode.swift; name = PDFPreviewRobot.swift; path = MaximusPrecisionUITests/Robots/PDFPreviewRobot.swift; sourceTree = "<group>"; };
		721C5F7179BBD3BC73A0D37F /* XCUIApplication+Maximus.swift */ = {isa = PBXFileReference; includeInIndex = 1; lastKnownFileType = sourcecode.swift; name = "XCUIApplication+Maximus.swift"; path = "MaximusPrecisionUITests/Support/XCUIApplication+Maximus.swift"; sourceTree = "<group>"; };
		7C1B5430C0958BB2EEEA6A7A /* LRUCache.swift */ = {isa = PBXFileReference; includeInIndex = 1; lastKnownFileType = sourcecode.swift; name = LRUCache.swift; path = Catalog/LRUCache.swift; sourceTree = "<group>"; };
		7F440E76EDA4EFF176CA8CF5 /* ClientVehicleRepositoryTests.swift */ = {isa = PBXFileReference; includeInIndex = 1; lastKnownFileType = sourcecode.swift; name = ClientVehicleRepositoryTests.swift; path = MaximusPrecisionTests/ClientVehicleRepositoryTests.swift; sourceTree = "<group>"; };
		840E23F9F94FB106FC88B349 /* VehicleCatalogSeed.swift */ = {isa = PBXFileReference; includeInIndex = 1; lastKnownFileType = sourcecode.swift; name = VehicleCatalogSeed.swift; path = Catalog/VehicleCatalogSeed.swift; sourceTree = "<group>"; };
		85F10896D2E513F734A67352 /* ClientRecord.swift */ = {isa = PBXFileReference; includeInIndex = 1; lastKnownFileType = sourcecode.swift; name = ClientRecord.swift; path = Records/ClientRecord.swift; sourceTree = "<group>"; };
		8BC535D3375D809AEB6C8ADE /* RecordsViewModel.swift */ = {isa = PBXFileReference; includeInIndex = 1; lastKnownFileType = sourcecode.swift; name = RecordsViewModel.swift; path = Records/ViewModels/RecordsViewModel.swift; sourceTree = "<group>"; };
		962E92589EE5DD533D4321D5 /* Foundation.framework */ = {isa = PBXFileReference; lastKnownFileType = wrapper.framework; name = Foundation.framework; path = Platforms/iPhoneOS.platform/Developer/SDKs/iPhoneOS18.0.sdk/System/Library/Frameworks/Foundation.framework; sourceTree = DEVELOPER_DIR; };
		992583EE725CECD362A748D6 /* RootTabView.swift */ = {isa = PBXFileReference; includeInIndex = 1; lastKnownFileType = sourcecode.swift; path = RootTabView.swift; sourceTree = "<group>"; };
		A0000000000000000000000E /* MaximusPrecision.app */ = {isa = PBXFileReference; explicitFileType = wrapper.application; includeInIndex = 0; path = MaximusPrecision.app; sourceTree = BUILT_PRODUCTS_DIR; };
		A00000000000000000000011 /* MaximusPrecisionApp.swift */ = {isa = PBXFileReference; lastKnownFileType = sourcecode.swift; path = MaximusPrecisionApp.swift; sourceTree = "<group>"; };
		A00000000000000000000012 /* Customer.swift */ = {isa = PBXFileReference; lastKnownFileType = sourcecode.swift; path = Customer.swift; sourceTree = "<group>"; };
		A00000000000000000000013 /* Vehicle.swift */ = {isa = PBXFileReference; lastKnownFileType = sourcecode.swift; path = Vehicle.swift; sourceTree = "<group>"; };
		A00000000000000000000014 /* QuoteItem.swift */ = {isa = PBXFileReference; lastKnownFileType = sourcecode.swift; path = QuoteItem.swift; sourceTree = "<group>"; };
		A00000000000000000000015 /* Quote.swift */ = {isa = PBXFileReference; lastKnownFileType = sourcecode.swift; path = Quote.swift; sourceTree = "<group>"; };
		A00000000000000000000016 /* QuoteTemplate.swift */ = {isa = PBXFileReference; lastKnownFileType = sourcecode.swift; path = QuoteTemplate.swift; sourceTree = "<group>"; };
		A00000000000000000000017 /* QuoteFormViewModel.swift */ = {isa = PBXFileReference; lastKnownFileType = sourcecode.swift; path = QuoteFormViewModel.swift; sourceTree = "<group>"; };
		A00000000000000000000018 /* QuoteCalculatorService.swift */ = {isa = PBXFileReference; lastKnownFileType = sourcecode.swift; path = QuoteCalculatorService.swift; sourceTree = "<group>"; };
		A00000000000000000000019 /* PDFGeneratorService.swift */ = {isa = PBXFileReference; lastKnownFileType = sourcecode.swift; path = PDFGeneratorService.swift; sourceTree = "<group>"; };
		A0000000000000000000001A /* ShareSheet.swift */ = {isa = PBXFileReference; lastKnownFileType = sourcecode.swift; path = ShareSheet.swift; sourceTree = "<group>"; };
		A0000000000000000000001B /* PDFPreviewView.swift */ = {isa = PBXFileReference; lastKnownFileType = sourcecode.swift; path = PDFPreviewView.swift; sourceTree = "<group>"; };
		A0000000000000000000001C /* QuoteFormView.swift */ = {isa = PBXFileReference; lastKnownFileType = sourcecode.swift; path = QuoteFormView.swift; sourceTree = "<group>"; };
		A0000000000000000000001D /* Assets.xcassets */ = {isa = PBXFileReference; lastKnownFileType = folder.assetcatalog; path = Assets.xcassets; sourceTree = "<group>"; };
		A811C5B5877E875282074A87 /* ClientVehicleRepository.swift */ = {isa = PBXFileReference; includeInIndex = 1; lastKnownFileType = sourcecode.swift; name = ClientVehicleRepository.swift; path = Records/ClientVehicleRepository.swift; sourceTree = "<group>"; };
		A8E2A77E299D86A13E66971E /* YearPickerSheet.swift */ = {isa = PBXFileReference; includeInIndex = 1; lastKnownFileType = sourcecode.swift; path = YearPickerSheet.swift; sourceTree = "<group>"; };
		AA436D09D6D781B33908670C /* DocumentType.swift */ = {isa = PBXFileReference; includeInIndex = 1; lastKnownFileType = sourcecode.swift; path = DocumentType.swift; sourceTree = "<group>"; };
		AF6DA557AA2231075C722A0E /* ItemEditRobot.swift */ = {isa = PBXFileReference; includeInIndex = 1; lastKnownFileType = sourcecode.swift; name = ItemEditRobot.swift; path = MaximusPrecisionUITests/Robots/ItemEditRobot.swift; sourceTree = "<group>"; };
		B1FF94A1E3E057E04335F251 /* VersionPickerRobot.swift */ = {isa = PBXFileReference; includeInIndex = 1; lastKnownFileType = sourcecode.swift; name = VersionPickerRobot.swift; path = MaximusPrecisionUITests/Robots/VersionPickerRobot.swift; sourceTree = "<group>"; };
		B5353190E3729B7B3A28BAF7 /* VersionPickerSheet.swift */ = {isa = PBXFileReference; includeInIndex = 1; lastKnownFileType = sourcecode.swift; path = VersionPickerSheet.swift; sourceTree = "<group>"; };
		BC603F5E4F91A9DAD86822DE /* VehicleCatalogTests.swift */ = {isa = PBXFileReference; includeInIndex = 1; lastKnownFileType = sourcecode.swift; name = VehicleCatalogTests.swift; path = MaximusPrecisionTests/VehicleCatalogTests.swift; sourceTree = "<group>"; };
		C7E3641F9368E9A09B74BCAA /* CatalogModels.swift */ = {isa = PBXFileReference; includeInIndex = 1; lastKnownFileType = sourcecode.swift; name = CatalogModels.swift; path = Catalog/CatalogModels.swift; sourceTree = "<group>"; };
		C977AF70B214A61CFDF922C6 /* AccessibilityIdentifiers.swift */ = {isa = PBXFileReference; includeInIndex = 1; lastKnownFileType = sourcecode.swift; name = AccessibilityIdentifiers.swift; path = MaximusPrecision/Support/AccessibilityIdentifiers.swift; sourceTree = "<group>"; };
		D3D2C47D996D3073B4AC5DA8 /* QuoteFormViewModelTests.swift */ = {isa = PBXFileReference; includeInIndex = 1; lastKnownFileType = sourcecode.swift; name = QuoteFormViewModelTests.swift; path = MaximusPrecisionTests/QuoteFormViewModelTests.swift; sourceTree = "<group>"; };
		D4DE9351C7291402427B7715 /* QuoteFlowUITests.swift */ = {isa = PBXFileReference; includeInIndex = 1; lastKnownFileType = sourcecode.swift; name = QuoteFlowUITests.swift; path = MaximusPrecisionUITests/QuoteFlowUITests.swift; sourceTree = "<group>"; };
		D7509768800B8F060887B325 /* RecordsView.swift */ = {isa = PBXFileReference; includeInIndex = 1; lastKnownFileType = sourcecode.swift; name = RecordsView.swift; path = Records/Views/RecordsView.swift; sourceTree = "<group>"; };
		E2EDD273B9C6F21B11530438 /* MaximusPrecisionTests.xctest */ = {isa = PBXFileReference; explicitFileType = wrapper.cfbundle; includeInIndex = 0; path = MaximusPrecisionTests.xctest; sourceTree = BUILT_PRODUCTS_DIR; };
		E83E183493D89831CCCCF75E /* VehicleCatalog.swift */ = {isa = PBXFileReference; includeInIndex = 1; lastKnownFileType = sourcecode.swift; name = VehicleCatalog.swift; path = Catalog/VehicleCatalog.swift; sourceTree = "<group>"; };
		F604987217C9A51545C2AF36 /* ScreenshotTests.swift */ = {isa = PBXFileReference; includeInIndex = 1; lastKnownFileType = sourcecode.swift; name = ScreenshotTests.swift; path = MaximusPrecisionUITests/ScreenshotTests.swift; sourceTree = "<group>"; };
/* End PBXFileReference section */

/* Begin PBXFrameworksBuildPhase section */
		461033FD9AF4678768DA6998 /* Frameworks */ = {
			isa = PBXFrameworksBuildPhase;
			buildActionMask = 2147483647;
			files = (
				8559538D1A8BB86AF204B0BD /* Foundation.framework in Frameworks */,
			);
			runOnlyForDeploymentPostprocessing = 0;
		};
		4EF870145EA1288E30A094FE /* Frameworks */ = {
			isa = PBXFrameworksBuildPhase;
			buildActionMask = 2147483647;
			files = (
				9777FD6566AAC7938B28D318 /* Foundation.framework in Frameworks */,
			);
			runOnlyForDeploymentPostprocessing = 0;
		};
		A0000000000000000000001E /* Frameworks */ = {
			isa = PBXFrameworksBuildPhase;
			buildActionMask = 2147483647;
			files = (
			);
			runOnlyForDeploymentPostprocessing = 0;
		};
/* End PBXFrameworksBuildPhase section */

/* Begin PBXGroup section */
		13DF45379615F6F2725B9679 /* Frameworks */ = {
			isa = PBXGroup;
			children = (
				3E0AF0AAD85697723B7DC396 /* iOS */,
			);
			name = Frameworks;
			sourceTree = "<group>";
		};
		3A89114482C7CAD697BE890F /* Records */ = {
			isa = PBXGroup;
			children = (
				85F10896D2E513F734A67352 /* ClientRecord.swift */,
				62C4921D85BFE36A02313C4A /* VehicleRecord.swift */,
				670DD0FDDB73AFB8403A2C3B /* ServiceRecord.swift */,
				A811C5B5877E875282074A87 /* ClientVehicleRepository.swift */,
			);
			name = Records;
			sourceTree = "<group>";
		};
		3AC45A1C2F80D1240007E674 /* Extensions */ = {
			isa = PBXGroup;
			children = (
				3AC45A1D2F80D15F0007E674 /* UIApplication+Extensions.swift */,
			);
			path = Extensions;
			sourceTree = "<group>";
		};
		3C39F17B7FE967A46C3A8379 /* Views */ = {
			isa = PBXGroup;
			children = (
				D7509768800B8F060887B325 /* RecordsView.swift */,
				06DAD3A46DA5FB4FBE88CCA2 /* RecordEditSheet.swift */,
				132CE4BA987484B8F8545235 /* VehicleDetailView.swift */,
			);
			name = Views;
			sourceTree = "<group>";
		};
		3E0AF0AAD85697723B7DC396 /* iOS */ = {
			isa = PBXGroup;
			children = (
				962E92589EE5DD533D4321D5 /* Foundation.framework */,
			);
			name = iOS;
			sourceTree = "<group>";
		};
		67EA9A67D024044DC7DAEE1A /* ViewModels */ = {
			isa = PBXGroup;
			children = (
				8BC535D3375D809AEB6C8ADE /* RecordsViewModel.swift */,
			);
			name = ViewModels;
			sourceTree = "<group>";
		};
		7F6B14DEFA8E0D35641218B1 /* Catalog */ = {
			isa = PBXGroup;
			children = (
				7C1B5430C0958BB2EEEA6A7A /* LRUCache.swift */,
				C7E3641F9368E9A09B74BCAA /* CatalogModels.swift */,
				840E23F9F94FB106FC88B349 /* VehicleCatalogSeed.swift */,
				E83E183493D89831CCCCF75E /* VehicleCatalog.swift */,
				3B5233A6B009BED5ADC603D7 /* AppModelContainer.swift */,
			);
			name = Catalog;
			sourceTree = "<group>";
		};
		957C063244E1236AF76230C0 /* MaximusPrecisionUITests */ = {
			isa = PBXGroup;
			children = (
				D4DE9351C7291402427B7715 /* QuoteFlowUITests.swift */,
				AF6DA557AA2231075C722A0E /* ItemEditRobot.swift */,
				6D1C3D4917AC92ECF79D0604 /* PDFPreviewRobot.swift */,
				621C1C825075CEE2E4C15714 /* QuoteFormRobot.swift */,
				0A3CF36EA16A9D6E76F5294F /* RecordsRobot.swift */,
				B1FF94A1E3E057E04335F251 /* VersionPickerRobot.swift */,
				0C9B4112B88C2AE39CADF204 /* YearPickerRobot.swift */,
				F604987217C9A51545C2AF36 /* ScreenshotTests.swift */,
				5DBB1C3158B58FC3D2B3A7DD /* Robot.swift */,
				721C5F7179BBD3BC73A0D37F /* XCUIApplication+Maximus.swift */,
			);
			name = MaximusPrecisionUITests;
			sourceTree = SOURCE_ROOT;
		};
		A0000000000000000000001F = {
			isa = PBXGroup;
			children = (
				A00000000000000000000020 /* MaximusPrecision */,
				A00000000000000000000021 /* Products */,
				13DF45379615F6F2725B9679 /* Frameworks */,
				957C063244E1236AF76230C0 /* MaximusPrecisionUITests */,
				C2408FC4DD4F964A19643763 /* MaximusPrecisionTests */,
			);
			sourceTree = "<group>";
		};
		A00000000000000000000020 /* MaximusPrecision */ = {
			isa = PBXGroup;
			children = (
				3AFBBB602F8B06A000B3F4AD /* Info.plist */,
				A00000000000000000000022 /* App */,
				A00000000000000000000023 /* Features */,
				A00000000000000000000024 /* Services */,
				3AC45A1C2F80D1240007E674 /* Extensions */,
				A00000000000000000000025 /* Resources */,
				BCFE520F9437F6BE6E3C840C /* Support */,
				7F6B14DEFA8E0D35641218B1 /* Catalog */,
				3A89114482C7CAD697BE890F /* Records */,
			);
			path = MaximusPrecision;
			sourceTree = "<group>";
		};
		A00000000000000000000021 /* Products */ = {
			isa = PBXGroup;
			children = (
				A0000000000000000000000E /* MaximusPrecision.app */,
				543711E57D06BF416FF20367 /* MaximusPrecisionUITests.xctest */,
				E2EDD273B9C6F21B11530438 /* MaximusPrecisionTests.xctest */,
			);
			name = Products;
			sourceTree = "<group>";
		};
		A00000000000000000000022 /* App */ = {
			isa = PBXGroup;
			children = (
				A00000000000000000000011 /* MaximusPrecisionApp.swift */,
				992583EE725CECD362A748D6 /* RootTabView.swift */,
			);
			path = App;
			sourceTree = "<group>";
		};
		A00000000000000000000023 /* Features */ = {
			isa = PBXGroup;
			children = (
				A00000000000000000000026 /* Quotes */,
				B37B54631653310667A2FC5D /* Records */,
			);
			path = Features;
			sourceTree = "<group>";
		};
		A00000000000000000000024 /* Services */ = {
			isa = PBXGroup;
			children = (
				A00000000000000000000018 /* QuoteCalculatorService.swift */,
				A00000000000000000000019 /* PDFGeneratorService.swift */,
				A0000000000000000000001A /* ShareSheet.swift */,
			);
			path = Services;
			sourceTree = "<group>";
		};
		A00000000000000000000025 /* Resources */ = {
			isa = PBXGroup;
			children = (
				A0000000000000000000001D /* Assets.xcassets */,
			);
			path = Resources;
			sourceTree = "<group>";
		};
		A00000000000000000000026 /* Quotes */ = {
			isa = PBXGroup;
			children = (
				A00000000000000000000027 /* Models */,
				A00000000000000000000028 /* ViewModels */,
				A00000000000000000000029 /* Views */,
			);
			path = Quotes;
			sourceTree = "<group>";
		};
		A00000000000000000000027 /* Models */ = {
			isa = PBXGroup;
			children = (
				A00000000000000000000012 /* Customer.swift */,
				A00000000000000000000013 /* Vehicle.swift */,
				A00000000000000000000014 /* QuoteItem.swift */,
				A00000000000000000000015 /* Quote.swift */,
				A00000000000000000000016 /* QuoteTemplate.swift */,
				AA436D09D6D781B33908670C /* DocumentType.swift */,
			);
			path = Models;
			sourceTree = "<group>";
		};
		A00000000000000000000028 /* ViewModels */ = {
			isa = PBXGroup;
			children = (
				A00000000000000000000017 /* QuoteFormViewModel.swift */,
			);
			path = ViewModels;
			sourceTree = "<group>";
		};
		A00000000000000000000029 /* Views */ = {
			isa = PBXGroup;
			children = (
				3AFBBB5E2F8AF8EB00B3F4AD /* SplashView.swift */,
				A0000000000000000000001B /* PDFPreviewView.swift */,
				A0000000000000000000001C /* QuoteFormView.swift */,
				B5353190E3729B7B3A28BAF7 /* VersionPickerSheet.swift */,
				A8E2A77E299D86A13E66971E /* YearPickerSheet.swift */,
			);
			path = Views;
			sourceTree = "<group>";
		};
		B37B54631653310667A2FC5D /* Records */ = {
			isa = PBXGroup;
			children = (
				67EA9A67D024044DC7DAEE1A /* ViewModels */,
				3C39F17B7FE967A46C3A8379 /* Views */,
			);
			name = Records;
			sourceTree = "<group>";
		};
		BCFE520F9437F6BE6E3C840C /* Support */ = {
			isa = PBXGroup;
			children = (
				C977AF70B214A61CFDF922C6 /* AccessibilityIdentifiers.swift */,
			);
			name = Support;
			sourceTree = SOURCE_ROOT;
		};
		C2408FC4DD4F964A19643763 /* MaximusPrecisionTests */ = {
			isa = PBXGroup;
			children = (
				42B79269365DCA3685123FEA /* LRUCacheTests.swift */,
				D3D2C47D996D3073B4AC5DA8 /* QuoteFormViewModelTests.swift */,
				BC603F5E4F91A9DAD86822DE /* VehicleCatalogTests.swift */,
				7F440E76EDA4EFF176CA8CF5 /* ClientVehicleRepositoryTests.swift */,
			);
			name = MaximusPrecisionTests;
			sourceTree = "<group>";
		};
/* End PBXGroup section */

/* Begin PBXNativeTarget section */
		076670CC7C261610934AC4B7 /* MaximusPrecisionUITests */ = {
			isa = PBXNativeTarget;
			buildConfigurationList = 27EB6A8FE2EE910C8C752C7D /* Build configuration list for PBXNativeTarget "MaximusPrecisionUITests" */;
			buildPhases = (
				CED6597ABE6FDC700F1A24CF /* Sources */,
				461033FD9AF4678768DA6998 /* Frameworks */,
				2F8DBA4652FF3E8BF1576FBD /* Resources */,
			);
			buildRules = (
			);
			dependencies = (
				6C6FE1E64BE4633204338499 /* PBXTargetDependency */,
			);
			name = MaximusPrecisionUITests;
			productName = MaximusPrecisionUITests;
			productReference = 543711E57D06BF416FF20367 /* MaximusPrecisionUITests.xctest */;
			productType = "com.apple.product-type.bundle.ui-testing";
		};
		97CDD8A9B70FD3DD7FA5B8FB /* MaximusPrecisionTests */ = {
			isa = PBXNativeTarget;
			buildConfigurationList = 41B48B9A92CF23192BF55025 /* Build configuration list for PBXNativeTarget "MaximusPrecisionTests" */;
			buildPhases = (
				A5FE6183C35B63D1FF9C702D /* Sources */,
				4EF870145EA1288E30A094FE /* Frameworks */,
				6E302A9B2DEE2392A140A34B /* Resources */,
			);
			buildRules = (
			);
			dependencies = (
				647345BDE6120B8B8A08D212 /* PBXTargetDependency */,
			);
			name = MaximusPrecisionTests;
			productName = MaximusPrecisionTests;
			productReference = E2EDD273B9C6F21B11530438 /* MaximusPrecisionTests.xctest */;
			productType = "com.apple.product-type.bundle.unit-test";
		};
		A0000000000000000000002A /* MaximusPrecision */ = {
			isa = PBXNativeTarget;
			buildConfigurationList = A0000000000000000000002B /* Build configuration list for PBXNativeTarget "MaximusPrecision" */;
			buildPhases = (
				A0000000000000000000002C /* Sources */,
				A0000000000000000000001E /* Frameworks */,
				A0000000000000000000002D /* Resources */,
			);
			buildRules = (
			);
			dependencies = (
			);
			name = MaximusPrecision;
			productName = MaximusPrecision;
			productReference = A0000000000000000000000E /* MaximusPrecision.app */;
			productType = "com.apple.product-type.application";
		};
/* End PBXNativeTarget section */

/* Begin PBXProject section */
		A0000000000000000000002E /* Project object */ = {
			isa = PBXProject;
			attributes = {
				BuildIndependentTargetsInParallel = 1;
				LastSwiftUpdateCheck = 1600;
				LastUpgradeCheck = 1600;
				TargetAttributes = {
					A0000000000000000000002A = {
						CreatedOnToolsVersion = 16.0;
					};
				};
			};
			buildConfigurationList = A0000000000000000000002F /* Build configuration list for PBXProject "MaximusPrecision" */;
			compatibilityVersion = "Xcode 14.0";
			developmentRegion = en;
			hasScannedForEncodings = 0;
			knownRegions = (
				en,
				Base,
			);
			mainGroup = A0000000000000000000001F;
			productRefGroup = A00000000000000000000021 /* Products */;
			projectDirPath = "";
			projectRoot = "";
			targets = (
				A0000000000000000000002A /* MaximusPrecision */,
				076670CC7C261610934AC4B7 /* MaximusPrecisionUITests */,
				97CDD8A9B70FD3DD7FA5B8FB /* MaximusPrecisionTests */,
			);
		};
/* End PBXProject section */

/* Begin PBXResourcesBuildPhase section */
		2F8DBA4652FF3E8BF1576FBD /* Resources */ = {
			isa = PBXResourcesBuildPhase;
			buildActionMask = 2147483647;
			files = (
			);
			runOnlyForDeploymentPostprocessing = 0;
		};
		6E302A9B2DEE2392A140A34B /* Resources */ = {
			isa = PBXResourcesBuildPhase;
			buildActionMask = 2147483647;
			files = (
			);
			runOnlyForDeploymentPostprocessing = 0;
		};
		A0000000000000000000002D /* Resources */ = {
			isa = PBXResourcesBuildPhase;
			buildActionMask = 2147483647;
			files = (
				A0000000000000000000000D /* Assets.xcassets in Resources */,
			);
			runOnlyForDeploymentPostprocessing = 0;
		};
/* End PBXResourcesBuildPhase section */

/* Begin PBXSourcesBuildPhase section */
		A0000000000000000000002C /* Sources */ = {
			isa = PBXSourcesBuildPhase;
			buildActionMask = 2147483647;
			files = (
				A00000000000000000000001 /* MaximusPrecisionApp.swift in Sources */,
				A00000000000000000000002 /* Customer.swift in Sources */,
				A00000000000000000000003 /* Vehicle.swift in Sources */,
				A00000000000000000000004 /* QuoteItem.swift in Sources */,
				3AC45A1E2F80D1690007E674 /* UIApplication+Extensions.swift in Sources */,
				A00000000000000000000005 /* Quote.swift in Sources */,
				A00000000000000000000006 /* QuoteTemplate.swift in Sources */,
				A00000000000000000000007 /* QuoteFormViewModel.swift in Sources */,
				A00000000000000000000008 /* QuoteCalculatorService.swift in Sources */,
				A00000000000000000000009 /* PDFGeneratorService.swift in Sources */,
				A0000000000000000000000A /* ShareSheet.swift in Sources */,
				A0000000000000000000000B /* PDFPreviewView.swift in Sources */,
				A0000000000000000000000C /* QuoteFormView.swift in Sources */,
				3AFBBB5F2F8AF8FF00B3F4AD /* SplashView.swift in Sources */,
				9B6DCF14271448526804147E /* AccessibilityIdentifiers.swift in Sources */,
				812B099E700A0D6F7D8B00B3 /* DocumentType.swift in Sources */,
				43530D70F7500F462602FFF5 /* LRUCache.swift in Sources */,
				C520CF3CACF0F4FFB5C0D80A /* CatalogModels.swift in Sources */,
				FA15B9FFB0E4D9B685ACD407 /* VehicleCatalogSeed.swift in Sources */,
				3483CDC45EF2656764D3984B /* VehicleCatalog.swift in Sources */,
				45FB02E7D1F8DBA4E8CA1901 /* VersionPickerSheet.swift in Sources */,
				E7125EDACBA89B3BFC21F140 /* AppModelContainer.swift in Sources */,
				C1CA256A0ED2C3B6907EEC0B /* YearPickerSheet.swift in Sources */,
				9226080534611FE65A861574 /* RootTabView.swift in Sources */,
				12048F9E54DAC79840CB8343 /* ClientRecord.swift in Sources */,
				69D9A7170090449F06F579A8 /* VehicleRecord.swift in Sources */,
				13422ABF496C74C2EB59C2E5 /* ServiceRecord.swift in Sources */,
				F4DE3125010C6406E994413A /* ClientVehicleRepository.swift in Sources */,
				27846F382BE7DE06F628FC89 /* RecordsViewModel.swift in Sources */,
				F5EF7370072F23F5C7CE4ADE /* RecordsView.swift in Sources */,
				037EDAE912D90E9FA81DBE99 /* RecordEditSheet.swift in Sources */,
				8B672F101B00257E1F679214 /* VehicleDetailView.swift in Sources */,
			);
			runOnlyForDeploymentPostprocessing = 0;
		};
		A5FE6183C35B63D1FF9C702D /* Sources */ = {
			isa = PBXSourcesBuildPhase;
			buildActionMask = 2147483647;
			files = (
				1FAF662A9612075E12AF3955 /* LRUCacheTests.swift in Sources */,
				99FD8D11867349CBC1ADE6CF /* QuoteFormViewModelTests.swift in Sources */,
				951E7763849BCDC3FCB7DD0D /* VehicleCatalogTests.swift in Sources */,
				4A007E4177753BFEFFEA2CD7 /* ClientVehicleRepositoryTests.swift in Sources */,
			);
			runOnlyForDeploymentPostprocessing = 0;
		};
		CED6597ABE6FDC700F1A24CF /* Sources */ = {
			isa = PBXSourcesBuildPhase;
			buildActionMask = 2147483647;
			files = (
				EE1925C77A7BE4EC2563C50A /* AccessibilityIdentifiers.swift in Sources */,
				691E071EF910469D05EB14D2 /* QuoteFlowUITests.swift in Sources */,
				C9147F91F7E65F453020563A /* ItemEditRobot.swift in Sources */,
				1746580E4A4EA1A67D83A278 /* PDFPreviewRobot.swift in Sources */,
				4D8B9B091A6A95461B6D2993 /* QuoteFormRobot.swift in Sources */,
				13DB26BDC187BC0F5B3D0AE3 /* RecordsRobot.swift in Sources */,
				653056C8A90CF4EF9327B1B9 /* VersionPickerRobot.swift in Sources */,
				DB2BF6851CCA3BAE0FC8A2F6 /* YearPickerRobot.swift in Sources */,
				AD2647465EFEE4C6C015A6E3 /* ScreenshotTests.swift in Sources */,
				7E90EE97A660FC8E7C771351 /* Robot.swift in Sources */,
				C76C66FDCD110A23D0DCA9FE /* XCUIApplication+Maximus.swift in Sources */,
			);
			runOnlyForDeploymentPostprocessing = 0;
		};
/* End PBXSourcesBuildPhase section */

/* Begin PBXTargetDependency section */
		647345BDE6120B8B8A08D212 /* PBXTargetDependency */ = {
			isa = PBXTargetDependency;
			name = MaximusPrecision;
			target = A0000000000000000000002A /* MaximusPrecision */;
			targetProxy = 52D025CBE116262E9BC41D78 /* PBXContainerItemProxy */;
		};
		6C6FE1E64BE4633204338499 /* PBXTargetDependency */ = {
			isa = PBXTargetDependency;
			name = MaximusPrecision;
			target = A0000000000000000000002A /* MaximusPrecision */;
			targetProxy = 64389A9520B01354FEEA1D9E /* PBXContainerItemProxy */;
		};
/* End PBXTargetDependency section */

/* Begin XCBuildConfiguration section */
		2335D17D44AA3059722F1F38 /* Debug */ = {
			isa = XCBuildConfiguration;
			buildSettings = {
				CLANG_ENABLE_OBJC_WEAK = NO;
				CODE_SIGN_STYLE = Automatic;
				CURRENT_PROJECT_VERSION = 1;
				DEVELOPMENT_TEAM = YFJ48SR2KW;
				GENERATE_INFOPLIST_FILE = YES;
				IPHONEOS_DEPLOYMENT_TARGET = 17.0;
				MARKETING_VERSION = 1.0;
				PRODUCT_BUNDLE_IDENTIFIER = com.maximusprecision.app.uitests;
				PRODUCT_NAME = "$(TARGET_NAME)";
				SDKROOT = iphoneos;
				SWIFT_VERSION = 5.0;
				TARGETED_DEVICE_FAMILY = "1,2";
				TEST_TARGET_NAME = MaximusPrecision;
			};
			name = Debug;
		};
		9F34BB00950F9FF534C2BE59 /* Release */ = {
			isa = XCBuildConfiguration;
			buildSettings = {
				BUNDLE_LOADER = "$(TEST_HOST)";
				CLANG_ENABLE_OBJC_WEAK = NO;
				CODE_SIGN_STYLE = Automatic;
				CURRENT_PROJECT_VERSION = 1;
				DEVELOPMENT_TEAM = YFJ48SR2KW;
				GENERATE_INFOPLIST_FILE = YES;
				IPHONEOS_DEPLOYMENT_TARGET = 17.0;
				MARKETING_VERSION = 1.0;
				PRODUCT_BUNDLE_IDENTIFIER = com.maximusprecision.app.tests;
				PRODUCT_NAME = "$(TARGET_NAME)";
				SDKROOT = iphoneos;
				SWIFT_VERSION = 5.0;
				TARGETED_DEVICE_FAMILY = "1,2";
				TEST_HOST = "$(BUILT_PRODUCTS_DIR)/MaximusPrecision.app/MaximusPrecision";
				VALIDATE_PRODUCT = YES;
			};
			name = Release;
		};
		A00000000000000000000030 /* Debug */ = {
			isa = XCBuildConfiguration;
			buildSettings = {
				ASSETCATALOG_COMPILER_APPICON_NAME = AppIcon;
				ASSETCATALOG_COMPILER_GLOBAL_ACCENT_COLOR_NAME = AccentColor;
				CODE_SIGN_STYLE = Automatic;
				CURRENT_PROJECT_VERSION = 1;
				DEVELOPMENT_TEAM = YFJ48SR2KW;
				ENABLE_PREVIEWS = YES;
				ENABLE_TESTABILITY = YES;
				GENERATE_INFOPLIST_FILE = YES;
				INFOPLIST_FILE = MaximusPrecision/Info.plist;
				INFOPLIST_KEY_CFBundleDisplayName = "Maximus Precision";
				INFOPLIST_KEY_UIApplicationSceneManifest_Generation = YES;
				INFOPLIST_KEY_UIApplicationSupportsIndirectInputEvents = YES;
				INFOPLIST_KEY_UISupportedInterfaceOrientations_iPhone = "UIInterfaceOrientationPortrait UIInterfaceOrientationLandscapeLeft UIInterfaceOrientationLandscapeRight";
				IPHONEOS_DEPLOYMENT_TARGET = 17.0;
				LD_RUNPATH_SEARCH_PATHS = (
					"$(inherited)",
					"@executable_path/Frameworks",
				);
				MARKETING_VERSION = 1.0;
				PRODUCT_BUNDLE_IDENTIFIER = com.maximusprecision.app;
				PRODUCT_NAME = "$(TARGET_NAME)";
				SDKROOT = iphoneos;
				SUPPORTED_PLATFORMS = "iphoneos iphonesimulator";
				SWIFT_EMIT_LOC_STRINGS = YES;
				SWIFT_VERSION = 5.0;
				TARGETED_DEVICE_FAMILY = 1;
			};
			name = Debug;
		};
		A00000000000000000000031 /* Release */ = {
			isa = XCBuildConfiguration;
			buildSettings = {
				ASSETCATALOG_COMPILER_APPICON_NAME = AppIcon;
				ASSETCATALOG_COMPILER_GLOBAL_ACCENT_COLOR_NAME = AccentColor;
				CODE_SIGN_STYLE = Automatic;
				CURRENT_PROJECT_VERSION = 1;
				DEVELOPMENT_TEAM = YFJ48SR2KW;
				ENABLE_PREVIEWS = YES;
				GENERATE_INFOPLIST_FILE = YES;
				INFOPLIST_FILE = MaximusPrecision/Info.plist;
				INFOPLIST_KEY_CFBundleDisplayName = "Maximus Precision";
				INFOPLIST_KEY_UIApplicationSceneManifest_Generation = YES;
				INFOPLIST_KEY_UIApplicationSupportsIndirectInputEvents = YES;
				INFOPLIST_KEY_UISupportedInterfaceOrientations_iPhone = "UIInterfaceOrientationPortrait UIInterfaceOrientationLandscapeLeft UIInterfaceOrientationLandscapeRight";
				IPHONEOS_DEPLOYMENT_TARGET = 17.0;
				LD_RUNPATH_SEARCH_PATHS = (
					"$(inherited)",
					"@executable_path/Frameworks",
				);
				MARKETING_VERSION = 1.0;
				PRODUCT_BUNDLE_IDENTIFIER = com.maximusprecision.app;
				PRODUCT_NAME = "$(TARGET_NAME)";
				SDKROOT = iphoneos;
				SUPPORTED_PLATFORMS = "iphoneos iphonesimulator";
				SWIFT_EMIT_LOC_STRINGS = YES;
				SWIFT_VERSION = 5.0;
				TARGETED_DEVICE_FAMILY = 1;
			};
			name = Release;
		};
		A00000000000000000000032 /* Debug */ = {
			isa = XCBuildConfiguration;
			buildSettings = {
				ALWAYS_SEARCH_USER_PATHS = NO;
				CLANG_ENABLE_MODULES = YES;
				CLANG_ENABLE_OBJC_ARC = YES;
				COPY_PHASE_STRIP = NO;
				DEBUG_INFORMATION_FORMAT = dwarf;
				ENABLE_STRICT_OBJC_MSGSEND = YES;
				GCC_C_LANGUAGE_STANDARD = gnu17;
				GCC_NO_COMMON_BLOCKS = YES;
				GCC_OPTIMIZATION_LEVEL = 0;
				GCC_PREPROCESSOR_DEFINITIONS = (
					"DEBUG=1",
					"$(inherited)",
				);
				ONLY_ACTIVE_ARCH = YES;
				SWIFT_ACTIVE_COMPILATION_CONDITIONS = DEBUG;
				SWIFT_OPTIMIZATION_LEVEL = "-Onone";
			};
			name = Debug;
		};
		A00000000000000000000033 /* Release */ = {
			isa = XCBuildConfiguration;
			buildSettings = {
				ALWAYS_SEARCH_USER_PATHS = NO;
				CLANG_ENABLE_MODULES = YES;
				CLANG_ENABLE_OBJC_ARC = YES;
				COPY_PHASE_STRIP = NO;
				DEBUG_INFORMATION_FORMAT = "dwarf-with-dsym";
				ENABLE_NS_ASSERTIONS = NO;
				ENABLE_STRICT_OBJC_MSGSEND = YES;
				GCC_C_LANGUAGE_STANDARD = gnu17;
				GCC_NO_COMMON_BLOCKS = YES;
				SWIFT_COMPILATION_MODE = wholemodule;
				SWIFT_OPTIMIZATION_LEVEL = "-O";
			};
			name = Release;
		};
		A35C2B1274A25683340BBFE3 /* Release */ = {
			isa = XCBuildConfiguration;
			buildSettings = {
				CLANG_ENABLE_OBJC_WEAK = NO;
				CODE_SIGN_STYLE = Automatic;
				CURRENT_PROJECT_VERSION = 1;
				DEVELOPMENT_TEAM = YFJ48SR2KW;
				GENERATE_INFOPLIST_FILE = YES;
				IPHONEOS_DEPLOYMENT_TARGET = 17.0;
				MARKETING_VERSION = 1.0;
				PRODUCT_BUNDLE_IDENTIFIER = com.maximusprecision.app.uitests;
				PRODUCT_NAME = "$(TARGET_NAME)";
				SDKROOT = iphoneos;
				SWIFT_VERSION = 5.0;
				TARGETED_DEVICE_FAMILY = "1,2";
				TEST_TARGET_NAME = MaximusPrecision;
				VALIDATE_PRODUCT = YES;
			};
			name = Release;
		};
		E5A5CD1141CD88C4C75CC0C0 /* Debug */ = {
			isa = XCBuildConfiguration;
			buildSettings = {
				BUNDLE_LOADER = "$(TEST_HOST)";
				CLANG_ENABLE_OBJC_WEAK = NO;
				CODE_SIGN_STYLE = Automatic;
				CURRENT_PROJECT_VERSION = 1;
				DEVELOPMENT_TEAM = YFJ48SR2KW;
				GENERATE_INFOPLIST_FILE = YES;
				IPHONEOS_DEPLOYMENT_TARGET = 17.0;
				MARKETING_VERSION = 1.0;
				PRODUCT_BUNDLE_IDENTIFIER = com.maximusprecision.app.tests;
				PRODUCT_NAME = "$(TARGET_NAME)";
				SDKROOT = iphoneos;
				SWIFT_VERSION = 5.0;
				TARGETED_DEVICE_FAMILY = "1,2";
				TEST_HOST = "$(BUILT_PRODUCTS_DIR)/MaximusPrecision.app/MaximusPrecision";
			};
			name = Debug;
		};
/* End XCBuildConfiguration section */

/* Begin XCConfigurationList section */
		27EB6A8FE2EE910C8C752C7D /* Build configuration list for PBXNativeTarget "MaximusPrecisionUITests" */ = {
			isa = XCConfigurationList;
			buildConfigurations = (
				A35C2B1274A25683340BBFE3 /* Release */,
				2335D17D44AA3059722F1F38 /* Debug */,
			);
			defaultConfigurationIsVisible = 0;
			defaultConfigurationName = Release;
		};
		41B48B9A92CF23192BF55025 /* Build configuration list for PBXNativeTarget "MaximusPrecisionTests" */ = {
			isa = XCConfigurationList;
			buildConfigurations = (
				9F34BB00950F9FF534C2BE59 /* Release */,
				E5A5CD1141CD88C4C75CC0C0 /* Debug */,
			);
			defaultConfigurationIsVisible = 0;
			defaultConfigurationName = Release;
		};
		A0000000000000000000002B /* Build configuration list for PBXNativeTarget "MaximusPrecision" */ = {
			isa = XCConfigurationList;
			buildConfigurations = (
				A00000000000000000000030 /* Debug */,
				A00000000000000000000031 /* Release */,
			);
			defaultConfigurationIsVisible = 0;
			defaultConfigurationName = Release;
		};
		A0000000000000000000002F /* Build configuration list for PBXProject "MaximusPrecision" */ = {
			isa = XCConfigurationList;
			buildConfigurations = (
				A00000000000000000000032 /* Debug */,
				A00000000000000000000033 /* Release */,
			);
			defaultConfigurationIsVisible = 0;
			defaultConfigurationName = Release;
		};
/* End XCConfigurationList section */
	};
	rootObject = A0000000000000000000002E /* Project object */;
}
