// !$*UTF8*$!
{
	archiveVersion = 1;
	classes = {
	};
	objectVersion = 56;
	objects = {

/* Begin PBXBuildFile section */
		05D4C0E93E56A1AFE4EA05AC /* LRUCacheTests.swift in Sources */ = {isa = PBXBuildFile; fileRef = 967E40AF02C72D46D6A30694 /* LRUCacheTests.swift */; };
		0C89576CF86FADFA90FD149B /* PDFPreviewRobot.swift in Sources */ = {isa = PBXBuildFile; fileRef = BCF230C3719EC21651C63B44 /* PDFPreviewRobot.swift */; };
		3483CDC45EF2656764D3984B /* VehicleCatalog.swift in Sources */ = {isa = PBXBuildFile; fileRef = E83E183493D89831CCCCF75E /* VehicleCatalog.swift */; };
		3AC45A1E2F80D1690007E674 /* UIApplication+Extensions.swift in Sources */ = {isa = PBXBuildFile; fileRef = 3AC45A1D2F80D15F0007E674 /* UIApplication+Extensions.swift */; };
		3AFBBB5F2F8AF8FF00B3F4AD /* SplashView.swift in Sources */ = {isa = PBXBuildFile; fileRef = 3AFBBB5E2F8AF8EB00B3F4AD /* SplashView.swift */; };
		43530D70F7500F462602FFF5 /* LRUCache.swift in Sources */ = {isa = PBXBuildFile; fileRef = 7C1B5430C0958BB2EEEA6A7A /* LRUCache.swift */; };
		4473BECC758419795FA77481 /* QuoteFormRobot.swift in Sources */ = {isa = PBXBuildFile; fileRef = 2097C8C14D81CF09730E5CA4 /* QuoteFormRobot.swift */; };
		45FB02E7D1F8DBA4E8CA1901 /* VersionPickerSheet.swift in Sources */ = {isa = PBXBuildFile; fileRef = B5353190E3729B7B3A28BAF7 /* VersionPickerSheet.swift */; };
		4DF29387A6060DEAFA91260E /* ScreenshotTests.swift in Sources */ = {isa = PBXBuildFile; fileRef = 25515C7B7EBE48D07A7E43AF /* ScreenshotTests.swift */; };
		640DE1371BA834507AEF6AB5 /* QuoteFlowUITests.swift in Sources */ = {isa = PBXBuildFile; fileRef = 63CD87CFD2740FBB43EE5856 /* QuoteFlowUITests.swift */; };
		6878E95F0CB8D0F5CFCC9380 /* YearPickerRobot.swift in Sources */ = {isa = PBXBuildFile; fileRef = 665BD7F91CE923821C0552A2 /* YearPickerRobot.swift */; };
		70E36327873427E07710605E /* ItemEditRobot.swift in Sources */ = {isa = PBXBuildFile; fileRef = FE9F7568E88D93931137795B /* ItemEditRobot.swift */; };
		80C84370A9E7942E20922247 /* VersionPickerRobot.swift in Sources */ = {isa = PBXBuildFile; fileRef = E770A088AE68E46B9340745D /* VersionPickerRobot.swift */; };
		812B099E700A0D6F7D8B00B3 /* DocumentType.swift in Sources */ = {isa = PBXBuildFile; fileRef = AA436D09D6D781B33908670C /* DocumentType.swift */; };
		8559538D1A8BB86AF204B0BD /* Foundation.framework in Frameworks */ = {isa = PBXBuildFile; fileRef = 962E92589EE5DD533D4321D5 /* Foundation.framework */; };
		9777FD6566AAC7938B28D318 /* Foundation.framework in Frameworks */ = {isa = PBXBuildFile; fileRef = 962E92589EE5DD533D4321D5 /* Foundation.framework */; };
		9B6DCF14271448526804147E /* AccessibilityIdentifiers.swift in Sources */ = {isa = PBXBuildFile; fileRef = C977AF70B214A61CFDF922C6 /* AccessibilityIdentifiers.swift */; };
		A00000000000000000000001 /* MaximusPrecisionApp.swift in Sources */ = {isa = PBXBuildFile; fileRef = A00000000000000000000011 /* MaximusPrecisionApp.swift */; };
		A00000000000000000000002 /* Customer.swift in Sources */ = {isa = PBXBuildFile; fileRef = A00000000000000000000012 /* Customer.swift */; };
		A00000000000000000000003 /* Vehicle.swift in Sources */ = {isa = PBXBuildFile; fileRef = A00000000000000000000013 /* Vehicle.swift */; };
		A00000000000000000000004 /* QuoteItem.swift in Sources */ = {isa = PBXBuildFile; fileRef = A00000000000000000000014 /* QuoteItem.swift */; };
		A00000000000000000000005 /* Quote.swift in Sources */ = {isa = PBXBuildFile; fileRef = A00000000000000000000015 /* Quote.swift */; };
		A00000000000000000000006 /* QuoteTemplate.swift in Sources */ = {isa = PBXBuildFile; fileRef = A00000000000000000000016 /* QuoteTemplate.swift */; };
		A00000000000000000000007 /* QuoteFormViewModel.swift in Sources */ = {isa = PBXBuildFile; fileRef = A00000000000000000000017 /* QuoteFormViewModel.swift */; };
		A00000000000000000000008 /* QuoteCalculatorService.swift in Sources */ = {isa = PBXBuildFile; fileRef = A00000000000000000000018 /* QuoteCalculatorService.swift */; };
		A00000000000000000000009 /* PDFGeneratorService.swift in Sources */ = {isa = PBXBuildFile; fileRef = A00000000000000000000019 /* PDFGeneratorService.swift */; };
		A0000000000000000000000A /* ShareSheet.swift in Sources */ = {isa = PBXBuildFile; fileRef = A0000000000000000000001A /* ShareSheet.swift */; };
		A0000000000000000000000B /* PDFPreviewView.swift in Sources */ = {isa = PBXBuildFile; fileRef = A0000000000000000000001B /* PDFPreviewView.swift */; };
		A0000000000000000000000C /* QuoteFormView.swift in Sources */ = {isa = PBXBuildFile; fileRef = A0000000000000000000001C /* QuoteFormView.swift */; };
		A0000000000000000000000D /* Assets.xcassets in Resources */ = {isa = PBXBuildFile; fileRef = A0000000000000000000001D /* Assets.xcassets */; };
		BA04E8B90A604468EC0DE654 /* VehicleCatalogTests.swift in Sources */ = {isa = PBXBuildFile; fileRef = 727DF5FDC9AA40E92900C595 /* VehicleCatalogTests.swift */; };
		C1CA256A0ED2C3B6907EEC0B /* YearPickerSheet.swift in Sources */ = {isa = PBXBuildFile; fileRef = A8E2A77E299D86A13E66971E /* YearPickerSheet.swift */; };
		C520CF3CACF0F4FFB5C0D80A /* CatalogModels.swift in Sources */ = {isa = PBXBuildFile; fileRef = C7E3641F9368E9A09B74BCAA /* CatalogModels.swift */; };
		CA01CD7A1499CFE7ED3FDC65 /* Robot.swift in Sources */ = {isa = PBXBuildFile; fileRef = 5F9D8F17C83D76C63D00B49A /* Robot.swift */; };
		D2B002D048441DF99081F524 /* XCUIApplication+Maximus.swift in Sources */ = {isa = PBXBuildFile; fileRef = 2B357AC3292DA4865CF4E69F /* XCUIApplication+Maximus.swift */; };
		E7125EDACBA89B3BFC21F140 /* AppModelContainer.swift in Sources */ = {isa = PBXBuildFile; fileRef = 3B5233A6B009BED5ADC603D7 /* AppModelContainer.swift */; };
		EE1925C77A7BE4EC2563C50A /* AccessibilityIdentifiers.swift in Sources */ = {isa = PBXBuildFile; fileRef = C977AF70B214A61CFDF922C6 /* AccessibilityIdentifiers.swift */; };
		FA15B9FFB0E4D9B685ACD407 /* VehicleCatalogSeed.swift in Sources */ = {isa = PBXBuildFile; fileRef = 840E23F9F94FB106FC88B349 /* VehicleCatalogSeed.swift */; };
/* End PBXBuildFile section */

/* Begin PBXContainerItemProxy section */
		52D025CBE116262E9BC41D78 /* PBXContainerItemProxy */ = {
			isa = PBXContainerItemProxy;
			containerPortal = A0000000000000000000002E /* Project object */;
			proxyType = 1;
			remoteGlobalIDString = A0000000000000000000002A;
			remoteInfo = MaximusPrecision;
		};
		64389A9520B01354FEEA1D9E /* PBXContainerItemProxy */ = {
			isa = PBXContainerItemProxy;
			containerPortal = A0000000000000000000002E /* Project object */;
			proxyType = 1;
			remoteGlobalIDString = A0000000000000000000002A;
			remoteInfo = MaximusPrecision;
		};
/* End PBXContainerItemProxy section */

/* Begin PBXFileReference section */
		2097C8C14D81CF09730E5CA4 /* QuoteFormRobot.swift */ = {isa = PBXFileReference; includeInIndex = 1; lastKnownFileType = sourcecode.swift; name = QuoteFormRobot.swift; path = MaximusPrecisionUITests/Robots/QuoteFormRobot.swift; sourceTree = "<group>"; };
		25515C7B7EBE48D07A7E43AF /* ScreenshotTests.swift */ = {isa = PBXFileReference; includeInIndex = 1; lastKnownFileType = sourcecode.swift; name = ScreenshotTests.swift; path = MaximusPrecisionUITests/ScreenshotTests.swift; sourceTree = "<group>"; };
		2B357AC3292DA4865CF4E69F /* XCUIApplication+Maximus.swift */ = {isa = PBXFileReference; includeInIndex = 1; lastKnownFileType = sourcecode.swift; name = "XCUIApplication+Maximus.swift"; path = "MaximusPrecisionUITests/Support/XCUIApplication+Maximus.swift"; sourceTree = "<group>"; };
		3AC45A1D2F80D15F0007E674 /* UIApplication+Extensions.swift */ = {isa = PBXFileReference; lastKnownFileType = sourcecode.swift; path = "UIApplication+Extensions.swift"; sourceTree = "<group>"; };
		3AFBBB5E2F8AF8EB00B3F4AD /* SplashView.swift */ = {isa = PBXFileReference; lastKnownFileType = sourcecode.swift; path = SplashView.swift; sourceTree = "<group>"; };
		3AFBBB602F8B06A000B3F4AD /* Info.plist */ = {isa = PBXFileReference; lastKnownFileType = text.plist; path = Info.plist; sourceTree = "<group>"; };
		3B5233A6B009BED5ADC603D7 /* AppModelContainer.swift */ = {isa = PBXFileReference; includeInIndex = 1; lastKnownFileType = sourcecode.swift; name = AppModelContainer.swift; path = Catalog/AppModelContainer.swift; sourceTree = "<group>"; };
		543711E57D06BF416FF20367 /* MaximusPrecisionUITests.xctest */ = {isa = PBXFileReference; explicitFileType = wrapper.cfbundle; includeInIndex = 0; path = MaximusPrecisionUITests.xctest; sourceTree = BUILT_PRODUCTS_DIR; };
		5F9D8F17C83D76C63D00B49A /* Robot.swift */ = {isa = PBXFileReference; includeInIndex = 1; lastKnownFileType = sourcecode.swift; name = Robot.swift; path = MaximusPrecisionUITests/Support/Robot.swift; sourceTree = "<group>"; };
		63CD87CFD2740FBB43EE5856 /* QuoteFlowUITests.swift */ = {isa = PBXFileReference; includeInIndex = 1; lastKnownFileType = sourcecode.swift; name = QuoteFlowUITests.swift; path = MaximusPrecisionUITests/QuoteFlowUITests.swift; sourceTree = "<group>"; };
		665BD7F91CE923821C0552A2 /* YearPickerRobot.swift */ = {isa = PBXFileReference; includeInIndex = 1; lastKnownFileType = sourcecode.swift; name = YearPickerRobot.swift; path = MaximusPrecisionUITests/Robots/YearPickerRobot.swift; sourceTree = "<group>"; };
		727DF5FDC9AA40E92900C595 /* VehicleCatalogTests.swift */ = {isa = PBXFileReference; includeInIndex = 1; lastKnownFileType = sourcecode.swift; name = VehicleCatalogTests.swift; path = MaximusPrecisionTests/VehicleCatalogTests.swift; sourceTree = "<group>"; };
		7C1B5430C0958BB2EEEA6A7A /* LRUCache.swift */ = {isa = PBXFileReference; includeInIndex = 1; lastKnownFileType = sourcecode.swift; name = LRUCache.swift; path = Catalog/LRUCache.swift; sourceTree = "<group>"; };
		840E23F9F94FB106FC88B349 /* VehicleCatalogSeed.swift */ = {isa = PBXFileReference; includeInIndex = 1; lastKnownFileType = sourcecode.swift; name = VehicleCatalogSeed.swift; path = Catalog/VehicleCatalogSeed.swift; sourceTree = "<group>"; };
		962E92589EE5DD533D4321D5 /* Foundation.framework */ = {isa = PBXFileReference; lastKnownFileType = wrapper.framework; name = Foundation.framework; path = Platforms/iPhoneOS.platform/Developer/SDKs/iPhoneOS18.0.sdk/System/Library/Frameworks/Foundation.framework; sourceTree = DEVELOPER_DIR; };
		967E40AF02C72D46D6A30694 /* LRUCacheTests.swift */ = {isa = PBXFileReference; includeInIndex = 1; lastKnownFileType = sourcecode.swift; name = LRUCacheTests.swift; path = MaximusPrecisionTests/LRUCacheTests.swift; sourceTree = "<group>"; };
		A0000000000000000000000E /* MaximusPrecision.app */ = {isa = PBXFileReference; explicitFileType = wrapper.application; includeInIndex = 0; path = MaximusPrecision.app; sourceTree = BUILT_PRODUCTS_DIR; };
		A00000000000000000000011 /* MaximusPrecisionApp.swift */ = {isa = PBXFileReference; lastKnownFileType = sourcecode.swift; path = MaximusPrecisionApp.swift; sourceTree = "<group>"; };
		A00000000000000000000012 /* Customer.swift */ = {isa = PBXFileReference; lastKnownFileType = sourcecode.swift; path = Customer.swift; sourceTree = "<group>"; };
		A00000000000000000000013 /* Vehicle.swift */ = {isa = PBXFileReference; lastKnownFileType = sourcecode.swift; path = Vehicle.swift; sourceTree = "<group>"; };
		A00000000000000000000014 /* QuoteItem.swift */ = {isa = PBXFileReference; lastKnownFileType = sourcecode.swift; path = QuoteItem.swift; sourceTree = "<group>"; };
		A00000000000000000000015 /* Quote.swift */ = {isa = PBXFileReference; lastKnownFileType = sourcecode.swift; path = Quote.swift; sourceTree = "<group>"; };
		A00000000000000000000016 /* QuoteTemplate.swift */ = {isa = PBXFileReference; lastKnownFileType = sourcecode.swift; path = QuoteTemplate.swift; sourceTree = "<group>"; };
		A00000000000000000000017 /* QuoteFormViewModel.swift */ = {isa = PBXFileReference; lastKnownFileType = sourcecode.swift; path = QuoteFormViewModel.swift; sourceTree = "<group>"; };
		A00000000000000000000018 /* QuoteCalculatorService.swift */ = {isa = PBXFileReference; lastKnownFileType = sourcecode.swift; path = QuoteCalculatorService.swift; sourceTree = "<group>"; };
		A00000000000000000000019 /* PDFGeneratorService.swift */ = {isa = PBXFileReference; lastKnownFileType = sourcecode.swift; path = PDFGeneratorService.swift; sourceTree = "<group>"; };
		A0000000000000000000001A /* ShareSheet.swift */ = {isa = PBXFileReference; lastKnownFileType = sourcecode.swift; path = ShareSheet.swift; sourceTree = "<group>"; };
		A0000000000000000000001B /* PDFPreviewView.swift */ = {isa = PBXFileReference; lastKnownFileType = sourcecode.swift; path = PDFPreviewView.swift; sourceTree = "<group>"; };
		A0000000000000000000001C /* QuoteFormView.swift */ = {isa = PBXFileReference; lastKnownFileType = sourcecode.swift; path = QuoteFormView.swift; sourceTree = "<group>"; };
		A0000000000000000000001D /* Assets.xcassets */ = {isa = PBXFileReference; lastKnownFileType = folder.assetcatalog; path = Assets.xcassets; sourceTree = "<group>"; };
		A8E2A77E299D86A13E66971E /* YearPickerSheet.swift */ = {isa = PBXFileReference; includeInIndex = 1; lastKnownFileType = sourcecode.swift; path = YearPickerSheet.swift; sourceTree = "<group>"; };
		AA436D09D6D781B33908670C /* DocumentType.swift */ = {isa = PBXFileReference; includeInIndex = 1; lastKnownFileType = sourcecode.swift; path = DocumentType.swift; sourceTree = "<group>"; };
		B5353190E3729B7B3A28BAF7 /* VersionPickerSheet.swift */ = {isa = PBXFileReference; includeInIndex = 1; lastKnownFileType = sourcecode.swift; path = VersionPickerSheet.swift; sourceTree = "<group>"; };
		BCF230C3719EC21651C63B44 /* PDFPreviewRobot.swift */ = {isa = PBXFileReference; includeInIndex = 1; lastKnownFileType = sourcecode.swift; name = PDFPreviewRobot.swift; path = MaximusPrecisionUITests/Robots/PDFPreviewRobot.swift; sourceTree = "<group>"; };
		C7E3641F9368E9A09B74BCAA /* CatalogModels.swift */ = {isa = PBXFileReference; includeInIndex = 1; lastKnownFileType = sourcecode.swift; name = CatalogModels.swift; path = Catalog/CatalogModels.swift; sourceTree = "<group>"; };
		C977AF70B214A61CFDF922C6 /* AccessibilityIdentifiers.swift */ = {isa = PBXFileReference; includeInIndex = 1; lastKnownFileType = sourcecode.swift; name = AccessibilityIdentifiers.swift; path = MaximusPrecision/Support/AccessibilityIdentifiers.swift; sourceTree = "<group>"; };
		E2EDD273B9C6F21B11530438 /* MaximusPrecisionTests.xctest */ = {isa = PBXFileReference; explicitFileType = wrapper.cfbundle; includeInIndex = 0; path = MaximusPrecisionTests.xctest; sourceTree = BUILT_PRODUCTS_DIR; };
		E770A088AE68E46B9340745D /* VersionPickerRobot.swift */ = {isa = PBXFileReference; includeInIndex = 1; lastKnownFileType = sourcecode.swift; name = VersionPickerRobot.swift; path = MaximusPrecisionUITests/Robots/VersionPickerRobot.swift; sourceTree = "<group>"; };
		E83E183493D89831CCCCF75E /* VehicleCatalog.swift */ = {isa = PBXFileReference; includeInIndex = 1; lastKnownFileType = sourcecode.swift; name = VehicleCatalog.swift; path = Catalog/VehicleCatalog.swift; sourceTree = "<group>"; };
		FE9F7568E88D93931137795B /* ItemEditRobot.swift */ = {isa = PBXFileReference; includeInIndex = 1; lastKnownFileType = sourcecode.swift; name = ItemEditRobot.swift; path = MaximusPrecisionUITests/Robots/ItemEditRobot.swift; sourceTree = "<group>"; };
/* End PBXFileReference section */

/* Begin PBXFrameworksBuildPhase section */
		461033FD9AF4678768DA6998 /* Frameworks */ = {
			isa = PBXFrameworksBuildPhase;
			buildActionMask = 2147483647;
			files = (
				8559538D1A8BB86AF204B0BD /* Foundation.framework in Frameworks */,
			);
			runOnlyForDeploymentPostprocessing = 0;
		};
		4EF870145EA1288E30A094FE /* Frameworks */ = {
			isa = PBXFrameworksBuildPhase;
			buildActionMask = 2147483647;
			files = (
				9777FD6566AAC7938B28D318 /* Foundation.framework in Frameworks */,
			);
			runOnlyForDeploymentPostprocessing = 0;
		};
		A0000000000000000000001E /* Frameworks */ = {
			isa = PBXFrameworksBuildPhase;
			buildActionMask = 2147483647;
			files = (
			);
			runOnlyForDeploymentPostprocessing = 0;
		};
/* End PBXFrameworksBuildPhase section */

/* Begin PBXGroup section */
		13DF45379615F6F2725B9679 /* Frameworks */ = {
			isa = PBXGroup;
			children = (
				3E0AF0AAD85697723B7DC396 /* iOS */,
			);
			name = Frameworks;
			sourceTree = "<group>";
		};
		3AC45A1C2F80D1240007E674 /* Extensions */ = {
			isa = PBXGroup;
			children = (
				3AC45A1D2F80D15F0007E674 /* UIApplication+Extensions.swift */,
			);
			path = Extensions;
			sourceTree = "<group>";
		};
		3E0AF0AAD85697723B7DC396 /* iOS */ = {
			isa = PBXGroup;
			children = (
				962E92589EE5DD533D4321D5 /* Foundation.framework */,
			);
			name = iOS;
			sourceTree = "<group>";
		};
		7F6B14DEFA8E0D35641218B1 /* Catalog */ = {
			isa = PBXGroup;
			children = (
				7C1B5430C0958BB2EEEA6A7A /* LRUCache.swift */,
				C7E3641F9368E9A09B74BCAA /* CatalogModels.swift */,
				840E23F9F94FB106FC88B349 /* VehicleCatalogSeed.swift */,
				E83E183493D89831CCCCF75E /* VehicleCatalog.swift */,
				3B5233A6B009BED5ADC603D7 /* AppModelContainer.swift */,
			);
			name = Catalog;
			sourceTree = "<group>";
		};
		957C063244E1236AF76230C0 /* MaximusPrecisionUITests */ = {
			isa = PBXGroup;
			children = (
				63CD87CFD2740FBB43EE5856 /* QuoteFlowUITests.swift */,
				FE9F7568E88D93931137795B /* ItemEditRobot.swift */,
				BCF230C3719EC21651C63B44 /* PDFPreviewRobot.swift */,
				2097C8C14D81CF09730E5CA4 /* QuoteFormRobot.swift */,
				E770A088AE68E46B9340745D /* VersionPickerRobot.swift */,
				665BD7F91CE923821C0552A2 /* YearPickerRobot.swift */,
				25515C7B7EBE48D07A7E43AF /* ScreenshotTests.swift */,
				5F9D8F17C83D76C63D00B49A /* Robot.swift */,
				2B357AC3292DA4865CF4E69F /* XCUIApplication+Maximus.swift */,
			);
			name = MaximusPrecisionUITests;
			sourceTree = SOURCE_ROOT;
		};
		A0000000000000000000001F = {
			isa = PBXGroup;
			children = (
				A00000000000000000000020 /* MaximusPrecision */,
				A00000000000000000000021 /* Products */,
				13DF45379615F6F2725B9679 /* Frameworks */,
				957C063244E1236AF76230C0 /* MaximusPrecisionUITests */,
				C2408FC4DD4F964A19643763 /* MaximusPrecisionTests */,
			);
			sourceTree = "<group>";
		};
		A00000000000000000000020 /* MaximusPrecision */ = {
			isa = PBXGroup;
			children = (
				3AFBBB602F8B06A000B3F4AD /* Info.plist */,
				A00000000000000000000022 /* App */,
				A00000000000000000000023 /* Features */,
				A00000000000000000000024 /* Services */,
				3AC45A1C2F80D1240007E674 /* Extensions */,
				A00000000000000000000025 /* Resources */,
				BCFE520F9437F6BE6E3C840C /* Support */,
				7F6B14DEFA8E0D35641218B1 /* Catalog */,
			);
			path = MaximusPrecision;
			sourceTree = "<group>";
		};
		A00000000000000000000021 /* Products */ = {
			isa = PBXGroup;
			children = (
				A0000000000000000000000E /* MaximusPrecision.app */,
				543711E57D06BF416FF20367 /* MaximusPrecisionUITests.xctest */,
				E2EDD273B9C6F21B11530438 /* MaximusPrecisionTests.xctest */,
			);
			name = Products;
			sourceTree = "<group>";
		};
		A00000000000000000000022 /* App */ = {
			isa = PBXGroup;
			children = (
				A00000000000000000000011 /* MaximusPrecisionApp.swift */,
			);
			path = App;
			sourceTree = "<group>";
		};
		A00000000000000000000023 /* Features */ = {
			isa = PBXGroup;
			children = (
				A00000000000000000000026 /* Quotes */,
			);
			path = Features;
			sourceTree = "<group>";
		};
		A00000000000000000000024 /* Services */ = {
			isa = PBXGroup;
			children = (
				A00000000000000000000018 /* QuoteCalculatorService.swift */,
				A00000000000000000000019 /* PDFGeneratorService.swift */,
				A0000000000000000000001A /* ShareSheet.swift */,
			);
			path = Services;
			sourceTree = "<group>";
		};
		A00000000000000000000025 /* Resources */ = {
			isa = PBXGroup;
			children = (
				A0000000000000000000001D /* Assets.xcassets */,
			);
			path = Resources;
			sourceTree = "<group>";
		};
		A00000000000000000000026 /* Quotes */ = {
			isa = PBXGroup;
			children = (
				A00000000000000000000027 /* Models */,
				A00000000000000000000028 /* ViewModels */,
				A00000000000000000000029 /* Views */,
			);
			path = Quotes;
			sourceTree = "<group>";
		};
		A00000000000000000000027 /* Models */ = {
			isa = PBXGroup;
			children = (
				A00000000000000000000012 /* Customer.swift */,
				A00000000000000000000013 /* Vehicle.swift */,
				A00000000000000000000014 /* QuoteItem.swift */,
				A00000000000000000000015 /* Quote.swift */,
				A00000000000000000000016 /* QuoteTemplate.swift */,
				AA436D09D6D781B33908670C /* DocumentType.swift */,
			);
			path = Models;
			sourceTree = "<group>";
		};
		A00000000000000000000028 /* ViewModels */ = {
			isa = PBXGroup;
			children = (
				A00000000000000000000017 /* QuoteFormViewModel.swift */,
			);
			path = ViewModels;
			sourceTree = "<group>";
		};
		A00000000000000000000029 /* Views */ = {
			isa = PBXGroup;
			children = (
				3AFBBB5E2F8AF8EB00B3F4AD /* SplashView.swift */,
				A0000000000000000000001B /* PDFPreviewView.swift */,
				A0000000000000000000001C /* QuoteFormView.swift */,
				B5353190E3729B7B3A28BAF7 /* VersionPickerSheet.swift */,
				A8E2A77E299D86A13E66971E /* YearPickerSheet.swift */,
			);
			path = Views;
			sourceTree = "<group>";
		};
		BCFE520F9437F6BE6E3C840C /* Support */ = {
			isa = PBXGroup;
			children = (
				C977AF70B214A61CFDF922C6 /* AccessibilityIdentifiers.swift */,
			);
			name = Support;
			sourceTree = SOURCE_ROOT;
		};
		C2408FC4DD4F964A19643763 /* MaximusPrecisionTests */ = {
			isa = PBXGroup;
			children = (
				967E40AF02C72D46D6A30694 /* LRUCacheTests.swift */,
				727DF5FDC9AA40E92900C595 /* VehicleCatalogTests.swift */,
			);
			name = MaximusPrecisionTests;
			sourceTree = "<group>";
		};
/* End PBXGroup section */

/* Begin PBXNativeTarget section */
		076670CC7C261610934AC4B7 /* MaximusPrecisionUITests */ = {
			isa = PBXNativeTarget;
			buildConfigurationList = 27EB6A8FE2EE910C8C752C7D /* Build configuration list for PBXNativeTarget "MaximusPrecisionUITests" */;
			buildPhases = (
				CED6597ABE6FDC700F1A24CF /* Sources */,
				461033FD9AF4678768DA6998 /* Frameworks */,
				2F8DBA4652FF3E8BF1576FBD /* Resources */,
			);
			buildRules = (
			);
			dependencies = (
				6C6FE1E64BE4633204338499 /* PBXTargetDependency */,
			);
			name = MaximusPrecisionUITests;
			productName = MaximusPrecisionUITests;
			productReference = 543711E57D06BF416FF20367 /* MaximusPrecisionUITests.xctest */;
			productType = "com.apple.product-type.bundle.ui-testing";
		};
		97CDD8A9B70FD3DD7FA5B8FB /* MaximusPrecisionTests */ = {
			isa = PBXNativeTarget;
			buildConfigurationList = 41B48B9A92CF23192BF55025 /* Build configuration list for PBXNativeTarget "MaximusPrecisionTests" */;
			buildPhases = (
				A5FE6183C35B63D1FF9C702D /* Sources */,
				4EF870145EA1288E30A094FE /* Frameworks */,
				6E302A9B2DEE2392A140A34B /* Resources */,
			);
			buildRules = (
			);
			dependencies = (
				647345BDE6120B8B8A08D212 /* PBXTargetDependency */,
			);
			name = MaximusPrecisionTests;
			productName = MaximusPrecisionTests;
			productReference = E2EDD273B9C6F21B11530438 /* MaximusPrecisionTests.xctest */;
			productType = "com.apple.product-type.bundle.unit-test";
		};
		A0000000000000000000002A /* MaximusPrecision */ = {
			isa = PBXNativeTarget;
			buildConfigurationList = A0000000000000000000002B /* Build configuration list for PBXNativeTarget "MaximusPrecision" */;
			buildPhases = (
				A0000000000000000000002C /* Sources */,
				A0000000000000000000001E /* Frameworks */,
				A0000000000000000000002D /* Resources */,
			);
			buildRules = (
			);
			dependencies = (
			);
			name = MaximusPrecision;
			productName = MaximusPrecision;
			productReference = A0000000000000000000000E /* MaximusPrecision.app */;
			productType = "com.apple.product-type.application";
		};
/* End PBXNativeTarget section */

/* Begin PBXProject section */
		A0000000000000000000002E /* Project object */ = {
			isa = PBXProject;
			attributes = {
				BuildIndependentTargetsInParallel = 1;
				LastSwiftUpdateCheck = 1600;
				LastUpgradeCheck = 1600;
				TargetAttributes = {
					A0000000000000000000002A = {
						CreatedOnToolsVersion = 16.0;
					};
				};
			};
			buildConfigurationList = A0000000000000000000002F /* Build configuration list for PBXProject "MaximusPrecision" */;
			compatibilityVersion = "Xcode 14.0";
			developmentRegion = en;
			hasScannedForEncodings = 0;
			knownRegions = (
				en,
				Base,
			);
			mainGroup = A0000000000000000000001F;
			productRefGroup = A00000000000000000000021 /* Products */;
			projectDirPath = "";
			projectRoot = "";
			targets = (
				A0000000000000000000002A /* MaximusPrecision */,
				076670CC7C261610934AC4B7 /* MaximusPrecisionUITests */,
				97CDD8A9B70FD3DD7FA5B8FB /* MaximusPrecisionTests */,
			);
		};
/* End PBXProject section */

/* Begin PBXResourcesBuildPhase section */
		2F8DBA4652FF3E8BF1576FBD /* Resources */ = {
			isa = PBXResourcesBuildPhase;
			buildActionMask = 2147483647;
			files = (
			);
			runOnlyForDeploymentPostprocessing = 0;
		};
		6E302A9B2DEE2392A140A34B /* Resources */ = {
			isa = PBXResourcesBuildPhase;
			buildActionMask = 2147483647;
			files = (
			);
			runOnlyForDeploymentPostprocessing = 0;
		};
		A0000000000000000000002D /* Resources */ = {
			isa = PBXResourcesBuildPhase;
			buildActionMask = 2147483647;
			files = (
				A0000000000000000000000D /* Assets.xcassets in Resources */,
			);
			runOnlyForDeploymentPostprocessing = 0;
		};
/* End PBXResourcesBuildPhase section */

/* Begin PBXSourcesBuildPhase section */
		A0000000000000000000002C /* Sources */ = {
			isa = PBXSourcesBuildPhase;
			buildActionMask = 2147483647;
			files = (
				A00000000000000000000001 /* MaximusPrecisionApp.swift in Sources */,
				A00000000000000000000002 /* Customer.swift in Sources */,
				A00000000000000000000003 /* Vehicle.swift in Sources */,
				A00000000000000000000004 /* QuoteItem.swift in Sources */,
				3AC45A1E2F80D1690007E674 /* UIApplication+Extensions.swift in Sources */,
				A00000000000000000000005 /* Quote.swift in Sources */,
				A00000000000000000000006 /* QuoteTemplate.swift in Sources */,
				A00000000000000000000007 /* QuoteFormViewModel.swift in Sources */,
				A00000000000000000000008 /* QuoteCalculatorService.swift in Sources */,
				A00000000000000000000009 /* PDFGeneratorService.swift in Sources */,
				A0000000000000000000000A /* ShareSheet.swift in Sources */,
				A0000000000000000000000B /* PDFPreviewView.swift in Sources */,
				A0000000000000000000000C /* QuoteFormView.swift in Sources */,
				3AFBBB5F2F8AF8FF00B3F4AD /* SplashView.swift in Sources */,
				9B6DCF14271448526804147E /* AccessibilityIdentifiers.swift in Sources */,
				812B099E700A0D6F7D8B00B3 /* DocumentType.swift in Sources */,
				43530D70F7500F462602FFF5 /* LRUCache.swift in Sources */,
				C520CF3CACF0F4FFB5C0D80A /* CatalogModels.swift in Sources */,
				FA15B9FFB0E4D9B685ACD407 /* VehicleCatalogSeed.swift in Sources */,
				3483CDC45EF2656764D3984B /* VehicleCatalog.swift in Sources */,
				45FB02E7D1F8DBA4E8CA1901 /* VersionPickerSheet.swift in Sources */,
				E7125EDACBA89B3BFC21F140 /* AppModelContainer.swift in Sources */,
				C1CA256A0ED2C3B6907EEC0B /* YearPickerSheet.swift in Sources */,
			);
			runOnlyForDeploymentPostprocessing = 0;
		};
		A5FE6183C35B63D1FF9C702D /* Sources */ = {
			isa = PBXSourcesBuildPhase;
			buildActionMask = 2147483647;
			files = (
				05D4C0E93E56A1AFE4EA05AC /* LRUCacheTests.swift in Sources */,
				BA04E8B90A604468EC0DE654 /* VehicleCatalogTests.swift in Sources */,
			);
			runOnlyForDeploymentPostprocessing = 0;
		};
		CED6597ABE6FDC700F1A24CF /* Sources */ = {
			isa = PBXSourcesBuildPhase;
			buildActionMask = 2147483647;
			files = (
				EE1925C77A7BE4EC2563C50A /* AccessibilityIdentifiers.swift in Sources */,
				640DE1371BA834507AEF6AB5 /* QuoteFlowUITests.swift in Sources */,
				70E36327873427E07710605E /* ItemEditRobot.swift in Sources */,
				0C89576CF86FADFA90FD149B /* PDFPreviewRobot.swift in Sources */,
				4473BECC758419795FA77481 /* QuoteFormRobot.swift in Sources */,
				80C84370A9E7942E20922247 /* VersionPickerRobot.swift in Sources */,
				6878E95F0CB8D0F5CFCC9380 /* YearPickerRobot.swift in Sources */,
				4DF29387A6060DEAFA91260E /* ScreenshotTests.swift in Sources */,
				CA01CD7A1499CFE7ED3FDC65 /* Robot.swift in Sources */,
				D2B002D048441DF99081F524 /* XCUIApplication+Maximus.swift in Sources */,
			);
			runOnlyForDeploymentPostprocessing = 0;
		};
/* End PBXSourcesBuildPhase section */

/* Begin PBXTargetDependency section */
		647345BDE6120B8B8A08D212 /* PBXTargetDependency */ = {
			isa = PBXTargetDependency;
			name = MaximusPrecision;
			target = A0000000000000000000002A /* MaximusPrecision */;
			targetProxy = 52D025CBE116262E9BC41D78 /* PBXContainerItemProxy */;
		};
		6C6FE1E64BE4633204338499 /* PBXTargetDependency */ = {
			isa = PBXTargetDependency;
			name = MaximusPrecision;
			target = A0000000000000000000002A /* MaximusPrecision */;
			targetProxy = 64389A9520B01354FEEA1D9E /* PBXContainerItemProxy */;
		};
/* End PBXTargetDependency section */

/* Begin XCBuildConfiguration section */
		2335D17D44AA3059722F1F38 /* Debug */ = {
			isa = XCBuildConfiguration;
			buildSettings = {
				CLANG_ENABLE_OBJC_WEAK = NO;
				CODE_SIGN_STYLE = Automatic;
				CURRENT_PROJECT_VERSION = 1;
				DEVELOPMENT_TEAM = YFJ48SR2KW;
				GENERATE_INFOPLIST_FILE = YES;
				IPHONEOS_DEPLOYMENT_TARGET = 17.0;
				MARKETING_VERSION = 1.0;
				PRODUCT_BUNDLE_IDENTIFIER = com.maximusprecision.app.uitests;
				PRODUCT_NAME = "$(TARGET_NAME)";
				SDKROOT = iphoneos;
				SWIFT_VERSION = 5.0;
				TARGETED_DEVICE_FAMILY = "1,2";
				TEST_TARGET_NAME = MaximusPrecision;
			};
			name = Debug;
		};
		9F34BB00950F9FF534C2BE59 /* Release */ = {
			isa = XCBuildConfiguration;
			buildSettings = {
				BUNDLE_LOADER = "$(TEST_HOST)";
				CLANG_ENABLE_OBJC_WEAK = NO;
				CODE_SIGN_STYLE = Automatic;
				CURRENT_PROJECT_VERSION = 1;
				DEVELOPMENT_TEAM = YFJ48SR2KW;
				GENERATE_INFOPLIST_FILE = YES;
				IPHONEOS_DEPLOYMENT_TARGET = 17.0;
				MARKETING_VERSION = 1.0;
				PRODUCT_BUNDLE_IDENTIFIER = com.maximusprecision.app.tests;
				PRODUCT_NAME = "$(TARGET_NAME)";
				SDKROOT = iphoneos;
				SWIFT_VERSION = 5.0;
				TARGETED_DEVICE_FAMILY = "1,2";
				TEST_HOST = "$(BUILT_PRODUCTS_DIR)/MaximusPrecision.app/MaximusPrecision";
				VALIDATE_PRODUCT = YES;
			};
			name = Release;
		};
		A00000000000000000000030 /* Debug */ = {
			isa = XCBuildConfiguration;
			buildSettings = {
				ASSETCATALOG_COMPILER_APPICON_NAME = AppIcon;
				ASSETCATALOG_COMPILER_GLOBAL_ACCENT_COLOR_NAME = AccentColor;
				CODE_SIGN_STYLE = Automatic;
				CURRENT_PROJECT_VERSION = 1;
				DEVELOPMENT_TEAM = YFJ48SR2KW;
				ENABLE_PREVIEWS = YES;
				ENABLE_TESTABILITY = YES;
				GENERATE_INFOPLIST_FILE = YES;
				INFOPLIST_FILE = MaximusPrecision/Info.plist;
				INFOPLIST_KEY_CFBundleDisplayName = "Maximus Precision";
				INFOPLIST_KEY_UIApplicationSceneManifest_Generation = YES;
				INFOPLIST_KEY_UIApplicationSupportsIndirectInputEvents = YES;
				INFOPLIST_KEY_UISupportedInterfaceOrientations_iPhone = "UIInterfaceOrientationPortrait UIInterfaceOrientationLandscapeLeft UIInterfaceOrientationLandscapeRight";
				IPHONEOS_DEPLOYMENT_TARGET = 17.0;
				LD_RUNPATH_SEARCH_PATHS = (
					"$(inherited)",
					"@executable_path/Frameworks",
				);
				MARKETING_VERSION = 1.0;
				PRODUCT_BUNDLE_IDENTIFIER = com.maximusprecision.app;
				PRODUCT_NAME = "$(TARGET_NAME)";
				SDKROOT = iphoneos;
				SUPPORTED_PLATFORMS = "iphoneos iphonesimulator";
				SWIFT_EMIT_LOC_STRINGS = YES;
				SWIFT_VERSION = 5.0;
				TARGETED_DEVICE_FAMILY = 1;
			};
			name = Debug;
		};
		A00000000000000000000031 /* Release */ = {
			isa = XCBuildConfiguration;
			buildSettings = {
				ASSETCATALOG_COMPILER_APPICON_NAME = AppIcon;
				ASSETCATALOG_COMPILER_GLOBAL_ACCENT_COLOR_NAME = AccentColor;
				CODE_SIGN_STYLE = Automatic;
				CURRENT_PROJECT_VERSION = 1;
				DEVELOPMENT_TEAM = YFJ48SR2KW;
				ENABLE_PREVIEWS = YES;
				GENERATE_INFOPLIST_FILE = YES;
				INFOPLIST_FILE = MaximusPrecision/Info.plist;
				INFOPLIST_KEY_CFBundleDisplayName = "Maximus Precision";
				INFOPLIST_KEY_UIApplicationSceneManifest_Generation = YES;
				INFOPLIST_KEY_UIApplicationSupportsIndirectInputEvents = YES;
				INFOPLIST_KEY_UISupportedInterfaceOrientations_iPhone = "UIInterfaceOrientationPortrait UIInterfaceOrientationLandscapeLeft UIInterfaceOrientationLandscapeRight";
				IPHONEOS_DEPLOYMENT_TARGET = 17.0;
				LD_RUNPATH_SEARCH_PATHS = (
					"$(inherited)",
					"@executable_path/Frameworks",
				);
				MARKETING_VERSION = 1.0;
				PRODUCT_BUNDLE_IDENTIFIER = com.maximusprecision.app;
				PRODUCT_NAME = "$(TARGET_NAME)";
				SDKROOT = iphoneos;
				SUPPORTED_PLATFORMS = "iphoneos iphonesimulator";
				SWIFT_EMIT_LOC_STRINGS = YES;
				SWIFT_VERSION = 5.0;
				TARGETED_DEVICE_FAMILY = 1;
			};
			name = Release;
		};
		A00000000000000000000032 /* Debug */ = {
			isa = XCBuildConfiguration;
			buildSettings = {
				ALWAYS_SEARCH_USER_PATHS = NO;
				CLANG_ENABLE_MODULES = YES;
				CLANG_ENABLE_OBJC_ARC = YES;
				COPY_PHASE_STRIP = NO;
				DEBUG_INFORMATION_FORMAT = dwarf;
				ENABLE_STRICT_OBJC_MSGSEND = YES;
				GCC_C_LANGUAGE_STANDARD = gnu17;
				GCC_NO_COMMON_BLOCKS = YES;
				GCC_OPTIMIZATION_LEVEL = 0;
				GCC_PREPROCESSOR_DEFINITIONS = (
					"DEBUG=1",
					"$(inherited)",
				);
				ONLY_ACTIVE_ARCH = YES;
				SWIFT_ACTIVE_COMPILATION_CONDITIONS = DEBUG;
				SWIFT_OPTIMIZATION_LEVEL = "-Onone";
			};
			name = Debug;
		};
		A00000000000000000000033 /* Release */ = {
			isa = XCBuildConfiguration;
			buildSettings = {
				ALWAYS_SEARCH_USER_PATHS = NO;
				CLANG_ENABLE_MODULES = YES;
				CLANG_ENABLE_OBJC_ARC = YES;
				COPY_PHASE_STRIP = NO;
				DEBUG_INFORMATION_FORMAT = "dwarf-with-dsym";
				ENABLE_NS_ASSERTIONS = NO;
				ENABLE_STRICT_OBJC_MSGSEND = YES;
				GCC_C_LANGUAGE_STANDARD = gnu17;
				GCC_NO_COMMON_BLOCKS = YES;
				SWIFT_COMPILATION_MODE = wholemodule;
				SWIFT_OPTIMIZATION_LEVEL = "-O";
			};
			name = Release;
		};
		A35C2B1274A25683340BBFE3 /* Release */ = {
			isa = XCBuildConfiguration;
			buildSettings = {
				CLANG_ENABLE_OBJC_WEAK = NO;
				CODE_SIGN_STYLE = Automatic;
				CURRENT_PROJECT_VERSION = 1;
				DEVELOPMENT_TEAM = YFJ48SR2KW;
				GENERATE_INFOPLIST_FILE = YES;
				IPHONEOS_DEPLOYMENT_TARGET = 17.0;
				MARKETING_VERSION = 1.0;
				PRODUCT_BUNDLE_IDENTIFIER = com.maximusprecision.app.uitests;
				PRODUCT_NAME = "$(TARGET_NAME)";
				SDKROOT = iphoneos;
				SWIFT_VERSION = 5.0;
				TARGETED_DEVICE_FAMILY = "1,2";
				TEST_TARGET_NAME = MaximusPrecision;
				VALIDATE_PRODUCT = YES;
			};
			name = Release;
		};
		E5A5CD1141CD88C4C75CC0C0 /* Debug */ = {
			isa = XCBuildConfiguration;
			buildSettings = {
				BUNDLE_LOADER = "$(TEST_HOST)";
				CLANG_ENABLE_OBJC_WEAK = NO;
				CODE_SIGN_STYLE = Automatic;
				CURRENT_PROJECT_VERSION = 1;
				DEVELOPMENT_TEAM = YFJ48SR2KW;
				GENERATE_INFOPLIST_FILE = YES;
				IPHONEOS_DEPLOYMENT_TARGET = 17.0;
				MARKETING_VERSION = 1.0;
				PRODUCT_BUNDLE_IDENTIFIER = com.maximusprecision.app.tests;
				PRODUCT_NAME = "$(TARGET_NAME)";
				SDKROOT = iphoneos;
				SWIFT_VERSION = 5.0;
				TARGETED_DEVICE_FAMILY = "1,2";
				TEST_HOST = "$(BUILT_PRODUCTS_DIR)/MaximusPrecision.app/MaximusPrecision";
			};
			name = Debug;
		};
/* End XCBuildConfiguration section */

/* Begin XCConfigurationList section */
		27EB6A8FE2EE910C8C752C7D /* Build configuration list for PBXNativeTarget "MaximusPrecisionUITests" */ = {
			isa = XCConfigurationList;
			buildConfigurations = (
				A35C2B1274A25683340BBFE3 /* Release */,
				2335D17D44AA3059722F1F38 /* Debug */,
			);
			defaultConfigurationIsVisible = 0;
			defaultConfigurationName = Release;
		};
		41B48B9A92CF23192BF55025 /* Build configuration list for PBXNativeTarget "MaximusPrecisionTests" */ = {
			isa = XCConfigurationList;
			buildConfigurations = (
				9F34BB00950F9FF534C2BE59 /* Release */,
				E5A5CD1141CD88C4C75CC0C0 /* Debug */,
			);
			defaultConfigurationIsVisible = 0;
			defaultConfigurationName = Release;
		};
		A0000000000000000000002B /* Build configuration list for PBXNativeTarget "MaximusPrecision" */ = {
			isa = XCConfigurationList;
			buildConfigurations = (
				A00000000000000000000030 /* Debug */,
				A00000000000000000000031 /* Release */,
			);
			defaultConfigurationIsVisible = 0;
			defaultConfigurationName = Release;
		};
		A0000000000000000000002F /* Build configuration list for PBXProject "MaximusPrecision" */ = {
			isa = XCConfigurationList;
			buildConfigurations = (
				A00000000000000000000032 /* Debug */,
				A00000000000000000000033 /* Release */,
			);
			defaultConfigurationIsVisible = 0;
			defaultConfigurationName = Release;
		};
/* End XCConfigurationList section */
	};
	rootObject = A0000000000000000000002E /* Project object */;
}
